// !$*UTF8*$!
{
	archiveVersion = 1;
	classes = {
	};
	objectVersion = 51;
	objects = {

/* Begin PBXBuildFile section */
		458B447EA9D788ED15D0E224 /* Pods_Pielotopica.framework in Frameworks */ = {isa = PBXBuildFile; fileRef = 82F1EF92ABB8E7B55377BAFB /* Pods_Pielotopica.framework */; };
		B6030EEC2301A4E5005C4312 /* Ex+BehaviorRelay.swift in Sources */ = {isa = PBXBuildFile; fileRef = B6030EEB2301A4E5005C4312 /* Ex+BehaviorRelay.swift */; };
		B61E93AC23005E2C008CB325 /* Preview Assets.xcassets in Resources */ = {isa = PBXBuildFile; fileRef = B61E93AB23005E2C008CB325 /* Preview Assets.xcassets */; };
		B61E93B72300E356008CB325 /* TPCommon.swift in Sources */ = {isa = PBXBuildFile; fileRef = B61E93B62300E356008CB325 /* TPCommon.swift */; };
		B61E93B92300E35E008CB325 /* TPStartBackgroundScene.swift in Sources */ = {isa = PBXBuildFile; fileRef = B61E93B82300E35E008CB325 /* TPStartBackgroundScene.swift */; };
		B61E93BB2300E361008CB325 /* ViewController.swift in Sources */ = {isa = PBXBuildFile; fileRef = B61E93BA2300E361008CB325 /* ViewController.swift */; };
		B61E93BD2300E368008CB325 /* AppDelegate.swift in Sources */ = {isa = PBXBuildFile; fileRef = B61E93BC2300E368008CB325 /* AppDelegate.swift */; };
		B61E93CA2300E36C008CB325 /* RMStorage.swift in Sources */ = {isa = PBXBuildFile; fileRef = B61E93BF2300E36C008CB325 /* RMStorage.swift */; };
		B61E93CB2300E36C008CB325 /* RMBindCenter.swift in Sources */ = {isa = PBXBuildFile; fileRef = B61E93C02300E36C008CB325 /* RMBindCenter.swift */; };
		B61E93CC2300E36C008CB325 /* Ex+UIImage.swift in Sources */ = {isa = PBXBuildFile; fileRef = B61E93C22300E36C008CB325 /* Ex+UIImage.swift */; };
		B61E93CD2300E36C008CB325 /* Ex+Swift.swift in Sources */ = {isa = PBXBuildFile; fileRef = B61E93C32300E36C008CB325 /* Ex+Swift.swift */; };
		B61E93CE2300E36C008CB325 /* Ex+Foundation.swift in Sources */ = {isa = PBXBuildFile; fileRef = B61E93C42300E36C008CB325 /* Ex+Foundation.swift */; };
		B61E93CF2300E36C008CB325 /* EX+SpriteKit.swift in Sources */ = {isa = PBXBuildFile; fileRef = B61E93C52300E36C008CB325 /* EX+SpriteKit.swift */; };
		B61E93D02300E36C008CB325 /* Ex+UIKit.swift in Sources */ = {isa = PBXBuildFile; fileRef = B61E93C62300E36C008CB325 /* Ex+UIKit.swift */; };
		B61E93D12300E36C008CB325 /* Ex+UIColor.swift in Sources */ = {isa = PBXBuildFile; fileRef = B61E93C72300E36C008CB325 /* Ex+UIColor.swift */; };
		B61E93D22300E36C008CB325 /* Ex+CoreGraphics.swift in Sources */ = {isa = PBXBuildFile; fileRef = B61E93C82300E36C008CB325 /* Ex+CoreGraphics.swift */; };
		B61E93D32300E36C008CB325 /* RMTapicEngine.swift in Sources */ = {isa = PBXBuildFile; fileRef = B61E93C92300E36C008CB325 /* RMTapicEngine.swift */; };
		B61E93E22300E376008CB325 /* Assets.xcassets in Resources */ = {isa = PBXBuildFile; fileRef = B61E93D52300E376008CB325 /* Assets.xcassets */; };
		B61E93E32300E376008CB325 /* LaunchScreen.storyboard in Resources */ = {isa = PBXBuildFile; fileRef = B61E93D62300E376008CB325 /* LaunchScreen.storyboard */; };
		B61E93E42300E376008CB325 /* Main.storyboard in Resources */ = {isa = PBXBuildFile; fileRef = B61E93D82300E376008CB325 /* Main.storyboard */; };
		B61E93E52300E376008CB325 /* Silom.ttf in Resources */ = {isa = PBXBuildFile; fileRef = B61E93DB2300E376008CB325 /* Silom.ttf */; };
		B61E93E62300E376008CB325 /* Korneuburg-Slab-Bold_Slanted.ttf in Resources */ = {isa = PBXBuildFile; fileRef = B61E93DC2300E376008CB325 /* Korneuburg-Slab-Bold_Slanted.ttf */; };
		B61E93E72300E376008CB325 /* Korneuburg-Slab-Light-Slanted.ttf in Resources */ = {isa = PBXBuildFile; fileRef = B61E93DD2300E376008CB325 /* Korneuburg-Slab-Light-Slanted.ttf */; };
		B61E93E82300E376008CB325 /* Korneuburg-Slab-Light.ttf in Resources */ = {isa = PBXBuildFile; fileRef = B61E93DE2300E376008CB325 /* Korneuburg-Slab-Light.ttf */; };
		B61E93E92300E376008CB325 /* Korneuburg-Slab-Regular-Slanted.ttf in Resources */ = {isa = PBXBuildFile; fileRef = B61E93DF2300E376008CB325 /* Korneuburg-Slab-Regular-Slanted.ttf */; };
		B61E93EA2300E376008CB325 /* Korneuburg-Slab-Regular.ttf in Resources */ = {isa = PBXBuildFile; fileRef = B61E93E02300E376008CB325 /* Korneuburg-Slab-Regular.ttf */; };
		B61E93EB2300E376008CB325 /* Korneuburg-Slab-Bold.ttf in Resources */ = {isa = PBXBuildFile; fileRef = B61E93E12300E376008CB325 /* Korneuburg-Slab-Bold.ttf */; };
		B61E93F42300E38A008CB325 /* GKSceneHolder.swift in Sources */ = {isa = PBXBuildFile; fileRef = B61E93ED2300E38A008CB325 /* GKSceneHolder.swift */; };
		B61E93F52300E38A008CB325 /* GKViewController.swift in Sources */ = {isa = PBXBuildFile; fileRef = B61E93EE2300E38A008CB325 /* GKViewController.swift */; };
		B61E93F62300E38A008CB325 /* GKActionTimingMode.swift in Sources */ = {isa = PBXBuildFile; fileRef = B61E93EF2300E38A008CB325 /* GKActionTimingMode.swift */; };
		B61E93F72300E38A008CB325 /* Ex+SKAction.swift in Sources */ = {isa = PBXBuildFile; fileRef = B61E93F12300E38A008CB325 /* Ex+SKAction.swift */; };
		B61E93F82300E38A008CB325 /* GKSafeScene.swift in Sources */ = {isa = PBXBuildFile; fileRef = B61E93F22300E38A008CB325 /* GKSafeScene.swift */; };
		B61E93F92300E38A008CB325 /* GKButtonNode.swift in Sources */ = {isa = PBXBuildFile; fileRef = B61E93F32300E38A008CB325 /* GKButtonNode.swift */; };
		B61E94082300E390008CB325 /* TPStartScene.swift in Sources */ = {isa = PBXBuildFile; fileRef = B61E93FB2300E390008CB325 /* TPStartScene.swift */; };
		B61E94092300E390008CB325 /* _TPStartSceneTabItem.swift in Sources */ = {isa = PBXBuildFile; fileRef = B61E93FD2300E390008CB325 /* _TPStartSceneTabItem.swift */; };
		B61E940A2300E390008CB325 /* _TPStartSceneLogo.swift in Sources */ = {isa = PBXBuildFile; fileRef = B61E93FE2300E390008CB325 /* _TPStartSceneLogo.swift */; };
		B61E940B2300E390008CB325 /* _TPStartSceneEdgeBar.swift in Sources */ = {isa = PBXBuildFile; fileRef = B61E93FF2300E390008CB325 /* _TPStartSceneEdgeBar.swift */; };
		B61E940C2300E390008CB325 /* _TPStartSceneActionIndicator.swift in Sources */ = {isa = PBXBuildFile; fileRef = B61E94002300E390008CB325 /* _TPStartSceneActionIndicator.swift */; };
		B61E940D2300E390008CB325 /* _TPStartScenePatterns.swift in Sources */ = {isa = PBXBuildFile; fileRef = B61E94012300E390008CB325 /* _TPStartScenePatterns.swift */; };
		B61E940E2300E390008CB325 /* _TPStartSceneOverray.swift in Sources */ = {isa = PBXBuildFile; fileRef = B61E94022300E390008CB325 /* _TPStartSceneOverray.swift */; };
		B61E940F2300E390008CB325 /* _TPStartScenePlayButton.swift in Sources */ = {isa = PBXBuildFile; fileRef = B61E94032300E390008CB325 /* _TPStartScenePlayButton.swift */; };
		B61E94102300E390008CB325 /* _TPStartSceneRing.swift in Sources */ = {isa = PBXBuildFile; fileRef = B61E94042300E390008CB325 /* _TPStartSceneRing.swift */; };
		B61E94112300E390008CB325 /* TPStartSceneBackgroundParticle.sks in Resources */ = {isa = PBXBuildFile; fileRef = B61E94062300E390008CB325 /* TPStartSceneBackgroundParticle.sks */; };
		B61E94122300E390008CB325 /* Assets.xcassets in Resources */ = {isa = PBXBuildFile; fileRef = B61E94072300E390008CB325 /* Assets.xcassets */; };
		B61E94172300E395008CB325 /* TPStoryScene.swift in Sources */ = {isa = PBXBuildFile; fileRef = B61E94142300E394008CB325 /* TPStoryScene.swift */; };
		B61E94182300E395008CB325 /* TP_core.scn in Resources */ = {isa = PBXBuildFile; fileRef = B61E94162300E394008CB325 /* TP_core.scn */; };
		B61E941A2300FEFA008CB325 /* GK3DSceneController.swift in Sources */ = {isa = PBXBuildFile; fileRef = B61E94192300FEFA008CB325 /* GK3DSceneController.swift */; };
		B61E941C2300FF8C008CB325 /* Ex+SceneKit.swift in Sources */ = {isa = PBXBuildFile; fileRef = B61E941B2300FF8C008CB325 /* Ex+SceneKit.swift */; };
/* End PBXBuildFile section */

/* Begin PBXFileReference section */
		05DBDCD7D6EB5B372F8F1C68 /* Pods-Pielotopica.release.xcconfig */ = {isa = PBXFileReference; includeInIndex = 1; lastKnownFileType = text.xcconfig; name = "Pods-Pielotopica.release.xcconfig"; path = "Target Support Files/Pods-Pielotopica/Pods-Pielotopica.release.xcconfig"; sourceTree = "<group>"; };
		1C61BDA478C66F0C795B92AE /* Pods-Pielotopica.debug.xcconfig */ = {isa = PBXFileReference; includeInIndex = 1; lastKnownFileType = text.xcconfig; name = "Pods-Pielotopica.debug.xcconfig"; path = "Target Support Files/Pods-Pielotopica/Pods-Pielotopica.debug.xcconfig"; sourceTree = "<group>"; };
		82F1EF92ABB8E7B55377BAFB /* Pods_Pielotopica.framework */ = {isa = PBXFileReference; explicitFileType = wrapper.framework; includeInIndex = 0; path = Pods_Pielotopica.framework; sourceTree = BUILT_PRODUCTS_DIR; };
		B6030EEB2301A4E5005C4312 /* Ex+BehaviorRelay.swift */ = {isa = PBXFileReference; fileEncoding = 4; lastKnownFileType = sourcecode.swift; path = "Ex+BehaviorRelay.swift"; sourceTree = "<group>"; };
		B61E939F23005E28008CB325 /* Pielotopica.app */ = {isa = PBXFileReference; explicitFileType = wrapper.application; includeInIndex = 0; path = Pielotopica.app; sourceTree = BUILT_PRODUCTS_DIR; };
		B61E93AB23005E2C008CB325 /* Preview Assets.xcassets */ = {isa = PBXFileReference; lastKnownFileType = folder.assetcatalog; path = "Preview Assets.xcassets"; sourceTree = "<group>"; };
		B61E93B023005E2C008CB325 /* Info.plist */ = {isa = PBXFileReference; lastKnownFileType = text.plist.xml; path = Info.plist; sourceTree = "<group>"; };
		B61E93B62300E356008CB325 /* TPCommon.swift */ = {isa = PBXFileReference; fileEncoding = 4; lastKnownFileType = sourcecode.swift; path = TPCommon.swift; sourceTree = "<group>"; };
		B61E93B82300E35E008CB325 /* TPStartBackgroundScene.swift */ = {isa = PBXFileReference; fileEncoding = 4; lastKnownFileType = sourcecode.swift; path = TPStartBackgroundScene.swift; sourceTree = "<group>"; };
		B61E93BA2300E361008CB325 /* ViewController.swift */ = {isa = PBXFileReference; fileEncoding = 4; lastKnownFileType = sourcecode.swift; path = ViewController.swift; sourceTree = "<group>"; };
		B61E93BC2300E368008CB325 /* AppDelegate.swift */ = {isa = PBXFileReference; fileEncoding = 4; lastKnownFileType = sourcecode.swift; path = AppDelegate.swift; sourceTree = "<group>"; };
		B61E93BF2300E36C008CB325 /* RMStorage.swift */ = {isa = PBXFileReference; fileEncoding = 4; lastKnownFileType = sourcecode.swift; path = RMStorage.swift; sourceTree = "<group>"; };
		B61E93C02300E36C008CB325 /* RMBindCenter.swift */ = {isa = PBXFileReference; fileEncoding = 4; lastKnownFileType = sourcecode.swift; path = RMBindCenter.swift; sourceTree = "<group>"; };
		B61E93C22300E36C008CB325 /* Ex+UIImage.swift */ = {isa = PBXFileReference; fileEncoding = 4; lastKnownFileType = sourcecode.swift; path = "Ex+UIImage.swift"; sourceTree = "<group>"; };
		B61E93C32300E36C008CB325 /* Ex+Swift.swift */ = {isa = PBXFileReference; fileEncoding = 4; lastKnownFileType = sourcecode.swift; path = "Ex+Swift.swift"; sourceTree = "<group>"; };
		B61E93C42300E36C008CB325 /* Ex+Foundation.swift */ = {isa = PBXFileReference; fileEncoding = 4; lastKnownFileType = sourcecode.swift; path = "Ex+Foundation.swift"; sourceTree = "<group>"; };
		B61E93C52300E36C008CB325 /* EX+SpriteKit.swift */ = {isa = PBXFileReference; fileEncoding = 4; lastKnownFileType = sourcecode.swift; path = "EX+SpriteKit.swift"; sourceTree = "<group>"; };
		B61E93C62300E36C008CB325 /* Ex+UIKit.swift */ = {isa = PBXFileReference; fileEncoding = 4; lastKnownFileType = sourcecode.swift; path = "Ex+UIKit.swift"; sourceTree = "<group>"; };
		B61E93C72300E36C008CB325 /* Ex+UIColor.swift */ = {isa = PBXFileReference; fileEncoding = 4; lastKnownFileType = sourcecode.swift; path = "Ex+UIColor.swift"; sourceTree = "<group>"; };
		B61E93C82300E36C008CB325 /* Ex+CoreGraphics.swift */ = {isa = PBXFileReference; fileEncoding = 4; lastKnownFileType = sourcecode.swift; path = "Ex+CoreGraphics.swift"; sourceTree = "<group>"; };
		B61E93C92300E36C008CB325 /* RMTapicEngine.swift */ = {isa = PBXFileReference; fileEncoding = 4; lastKnownFileType = sourcecode.swift; path = RMTapicEngine.swift; sourceTree = "<group>"; };
		B61E93D52300E376008CB325 /* Assets.xcassets */ = {isa = PBXFileReference; lastKnownFileType = folder.assetcatalog; path = Assets.xcassets; sourceTree = "<group>"; };
		B61E93D72300E376008CB325 /* Base */ = {isa = PBXFileReference; lastKnownFileType = file.storyboard; name = Base; path = Base.lproj/LaunchScreen.storyboard; sourceTree = "<group>"; };
		B61E93D92300E376008CB325 /* Base */ = {isa = PBXFileReference; lastKnownFileType = file.storyboard; name = Base; path = Base.lproj/Main.storyboard; sourceTree = "<group>"; };
		B61E93DB2300E376008CB325 /* Silom.ttf */ = {isa = PBXFileReference; lastKnownFileType = file; path = Silom.ttf; sourceTree = "<group>"; };
		B61E93DC2300E376008CB325 /* Korneuburg-Slab-Bold_Slanted.ttf */ = {isa = PBXFileReference; lastKnownFileType = file; path = "Korneuburg-Slab-Bold_Slanted.ttf"; sourceTree = "<group>"; };
		B61E93DD2300E376008CB325 /* Korneuburg-Slab-Light-Slanted.ttf */ = {isa = PBXFileReference; lastKnownFileType = file; path = "Korneuburg-Slab-Light-Slanted.ttf"; sourceTree = "<group>"; };
		B61E93DE2300E376008CB325 /* Korneuburg-Slab-Light.ttf */ = {isa = PBXFileReference; lastKnownFileType = file; path = "Korneuburg-Slab-Light.ttf"; sourceTree = "<group>"; };
		B61E93DF2300E376008CB325 /* Korneuburg-Slab-Regular-Slanted.ttf */ = {isa = PBXFileReference; lastKnownFileType = file; path = "Korneuburg-Slab-Regular-Slanted.ttf"; sourceTree = "<group>"; };
		B61E93E02300E376008CB325 /* Korneuburg-Slab-Regular.ttf */ = {isa = PBXFileReference; lastKnownFileType = file; path = "Korneuburg-Slab-Regular.ttf"; sourceTree = "<group>"; };
		B61E93E12300E376008CB325 /* Korneuburg-Slab-Bold.ttf */ = {isa = PBXFileReference; lastKnownFileType = file; path = "Korneuburg-Slab-Bold.ttf"; sourceTree = "<group>"; };
		B61E93ED2300E38A008CB325 /* GKSceneHolder.swift */ = {isa = PBXFileReference; fileEncoding = 4; lastKnownFileType = sourcecode.swift; path = GKSceneHolder.swift; sourceTree = "<group>"; };
		B61E93EE2300E38A008CB325 /* GKViewController.swift */ = {isa = PBXFileReference; fileEncoding = 4; lastKnownFileType = sourcecode.swift; path = GKViewController.swift; sourceTree = "<group>"; };
		B61E93EF2300E38A008CB325 /* GKActionTimingMode.swift */ = {isa = PBXFileReference; fileEncoding = 4; lastKnownFileType = sourcecode.swift; path = GKActionTimingMode.swift; sourceTree = "<group>"; };
		B61E93F12300E38A008CB325 /* Ex+SKAction.swift */ = {isa = PBXFileReference; fileEncoding = 4; lastKnownFileType = sourcecode.swift; path = "Ex+SKAction.swift"; sourceTree = "<group>"; };
		B61E93F22300E38A008CB325 /* GKSafeScene.swift */ = {isa = PBXFileReference; fileEncoding = 4; lastKnownFileType = sourcecode.swift; path = GKSafeScene.swift; sourceTree = "<group>"; };
		B61E93F32300E38A008CB325 /* GKButtonNode.swift */ = {isa = PBXFileReference; fileEncoding = 4; lastKnownFileType = sourcecode.swift; path = GKButtonNode.swift; sourceTree = "<group>"; };
		B61E93FB2300E390008CB325 /* TPStartScene.swift */ = {isa = PBXFileReference; fileEncoding = 4; lastKnownFileType = sourcecode.swift; path = TPStartScene.swift; sourceTree = "<group>"; };
		B61E93FD2300E390008CB325 /* _TPStartSceneTabItem.swift */ = {isa = PBXFileReference; fileEncoding = 4; lastKnownFileType = sourcecode.swift; path = _TPStartSceneTabItem.swift; sourceTree = "<group>"; };
		B61E93FE2300E390008CB325 /* _TPStartSceneLogo.swift */ = {isa = PBXFileReference; fileEncoding = 4; lastKnownFileType = sourcecode.swift; path = _TPStartSceneLogo.swift; sourceTree = "<group>"; };
		B61E93FF2300E390008CB325 /* _TPStartSceneEdgeBar.swift */ = {isa = PBXFileReference; fileEncoding = 4; lastKnownFileType = sourcecode.swift; path = _TPStartSceneEdgeBar.swift; sourceTree = "<group>"; };
		B61E94002300E390008CB325 /* _TPStartSceneActionIndicator.swift */ = {isa = PBXFileReference; fileEncoding = 4; lastKnownFileType = sourcecode.swift; path = _TPStartSceneActionIndicator.swift; sourceTree = "<group>"; };
		B61E94012300E390008CB325 /* _TPStartScenePatterns.swift */ = {isa = PBXFileReference; fileEncoding = 4; lastKnownFileType = sourcecode.swift; path = _TPStartScenePatterns.swift; sourceTree = "<group>"; };
		B61E94022300E390008CB325 /* _TPStartSceneOverray.swift */ = {isa = PBXFileReference; fileEncoding = 4; lastKnownFileType = sourcecode.swift; path = _TPStartSceneOverray.swift; sourceTree = "<group>"; };
		B61E94032300E390008CB325 /* _TPStartScenePlayButton.swift */ = {isa = PBXFileReference; fileEncoding = 4; lastKnownFileType = sourcecode.swift; path = _TPStartScenePlayButton.swift; sourceTree = "<group>"; };
		B61E94042300E390008CB325 /* _TPStartSceneRing.swift */ = {isa = PBXFileReference; fileEncoding = 4; lastKnownFileType = sourcecode.swift; path = _TPStartSceneRing.swift; sourceTree = "<group>"; };
		B61E94062300E390008CB325 /* TPStartSceneBackgroundParticle.sks */ = {isa = PBXFileReference; lastKnownFileType = file.sks; path = TPStartSceneBackgroundParticle.sks; sourceTree = "<group>"; };
		B61E94072300E390008CB325 /* Assets.xcassets */ = {isa = PBXFileReference; lastKnownFileType = folder.assetcatalog; path = Assets.xcassets; sourceTree = "<group>"; };
		B61E94142300E394008CB325 /* TPStoryScene.swift */ = {isa = PBXFileReference; fileEncoding = 4; lastKnownFileType = sourcecode.swift; path = TPStoryScene.swift; sourceTree = "<group>"; };
		B61E94162300E394008CB325 /* TP_core.scn */ = {isa = PBXFileReference; lastKnownFileType = file.bplist; path = TP_core.scn; sourceTree = "<group>"; };
		B61E94192300FEFA008CB325 /* GK3DSceneController.swift */ = {isa = PBXFileReference; lastKnownFileType = sourcecode.swift; path = GK3DSceneController.swift; sourceTree = "<group>"; };
		B61E941B2300FF8C008CB325 /* Ex+SceneKit.swift */ = {isa = PBXFileReference; lastKnownFileType = sourcecode.swift; path = "Ex+SceneKit.swift"; sourceTree = "<group>"; };
		B63FD47223019E480020EEC1 /* README.md */ = {isa = PBXFileReference; lastKnownFileType = net.daringfireball.markdown; path = README.md; sourceTree = "<group>"; };
/* End PBXFileReference section */

/* Begin PBXFrameworksBuildPhase section */
		B61E939C23005E28008CB325 /* Frameworks */ = {
			isa = PBXFrameworksBuildPhase;
			buildActionMask = 2147483647;
			files = (
				458B447EA9D788ED15D0E224 /* Pods_Pielotopica.framework in Frameworks */,
			);
			runOnlyForDeploymentPostprocessing = 0;
		};
/* End PBXFrameworksBuildPhase section */

/* Begin PBXGroup section */
		6DC2E650B647248AB0BA94C5 /* Pods */ = {
			isa = PBXGroup;
			children = (
				1C61BDA478C66F0C795B92AE /* Pods-Pielotopica.debug.xcconfig */,
				05DBDCD7D6EB5B372F8F1C68 /* Pods-Pielotopica.release.xcconfig */,
			);
			path = Pods;
			sourceTree = "<group>";
		};
		B6030EE92301A4D4005C4312 /* Libs */ = {
			isa = PBXGroup;
			children = (
				B6030EEA2301A4E5005C4312 /* AppExtensions */,
				B61E93EC2300E38A008CB325 /* GameKit */,
				B61E93BE2300E36C008CB325 /* RMKit */,
			);
			path = Libs;
			sourceTree = "<group>";
		};
		B6030EEA2301A4E5005C4312 /* AppExtensions */ = {
			isa = PBXGroup;
			children = (
				B6030EEB2301A4E5005C4312 /* Ex+BehaviorRelay.swift */,
			);
			name = AppExtensions;
			path = ../../../../Swift/Apps/SandboxSample/SandboxSample/Libs/ETKit/AppExtensions;
			sourceTree = "<group>";
		};
		B61E939623005E28008CB325 = {
			isa = PBXGroup;
			children = (
				B61E93A123005E28008CB325 /* Pielotopica */,
				B61E93A023005E28008CB325 /* Products */,
				6DC2E650B647248AB0BA94C5 /* Pods */,
				C5EEAD015C040741A850ECDC /* Frameworks */,
			);
			sourceTree = "<group>";
		};
		B61E93A023005E28008CB325 /* Products */ = {
			isa = PBXGroup;
			children = (
				B61E939F23005E28008CB325 /* Pielotopica.app */,
			);
			name = Products;
			sourceTree = "<group>";
		};
		B61E93A123005E28008CB325 /* Pielotopica */ = {
			isa = PBXGroup;
			children = (
				B6030EE92301A4D4005C4312 /* Libs */,
				B61E93BC2300E368008CB325 /* AppDelegate.swift */,
				B61E93FA2300E390008CB325 /* StartScene */,
				B61E94132300E394008CB325 /* StoryScene */,
				B61E93BA2300E361008CB325 /* ViewController.swift */,
				B61E93B82300E35E008CB325 /* TPStartBackgroundScene.swift */,
				B61E93B62300E356008CB325 /* TPCommon.swift */,
				B61E93D42300E376008CB325 /* Resources */,
				B61E93B023005E2C008CB325 /* Info.plist */,
				B61E93AA23005E2C008CB325 /* Preview Content */,
			);
			path = Pielotopica;
			sourceTree = "<group>";
		};
		B61E93AA23005E2C008CB325 /* Preview Content */ = {
			isa = PBXGroup;
			children = (
				B61E93AB23005E2C008CB325 /* Preview Assets.xcassets */,
			);
			path = "Preview Content";
			sourceTree = "<group>";
		};
		B61E93BE2300E36C008CB325 /* RMKit */ = {
			isa = PBXGroup;
			children = (
				B61E93BF2300E36C008CB325 /* RMStorage.swift */,
				B61E93C02300E36C008CB325 /* RMBindCenter.swift */,
				B61E93C12300E36C008CB325 /* extensions */,
				B61E93C92300E36C008CB325 /* RMTapicEngine.swift */,
			);
			path = RMKit;
			sourceTree = "<group>";
		};
		B61E93C12300E36C008CB325 /* extensions */ = {
			isa = PBXGroup;
			children = (
				B61E93C22300E36C008CB325 /* Ex+UIImage.swift */,
				B61E93C32300E36C008CB325 /* Ex+Swift.swift */,
				B61E93C42300E36C008CB325 /* Ex+Foundation.swift */,
				B61E93C52300E36C008CB325 /* EX+SpriteKit.swift */,
				B61E93C62300E36C008CB325 /* Ex+UIKit.swift */,
				B61E93C72300E36C008CB325 /* Ex+UIColor.swift */,
				B61E93C82300E36C008CB325 /* Ex+CoreGraphics.swift */,
			);
			path = extensions;
			sourceTree = "<group>";
		};
		B61E93D42300E376008CB325 /* Resources */ = {
			isa = PBXGroup;
			children = (
				B61E93D52300E376008CB325 /* Assets.xcassets */,
				B61E93D62300E376008CB325 /* LaunchScreen.storyboard */,
				B61E93D82300E376008CB325 /* Main.storyboard */,
				B61E93DA2300E376008CB325 /* Fonts */,
			);
			path = Resources;
			sourceTree = "<group>";
		};
		B61E93DA2300E376008CB325 /* Fonts */ = {
			isa = PBXGroup;
			children = (
				B61E93DB2300E376008CB325 /* Silom.ttf */,
				B61E93DC2300E376008CB325 /* Korneuburg-Slab-Bold_Slanted.ttf */,
				B61E93DD2300E376008CB325 /* Korneuburg-Slab-Light-Slanted.ttf */,
				B61E93DE2300E376008CB325 /* Korneuburg-Slab-Light.ttf */,
				B61E93DF2300E376008CB325 /* Korneuburg-Slab-Regular-Slanted.ttf */,
				B61E93E02300E376008CB325 /* Korneuburg-Slab-Regular.ttf */,
				B61E93E12300E376008CB325 /* Korneuburg-Slab-Bold.ttf */,
			);
			path = Fonts;
			sourceTree = "<group>";
		};
		B61E93EC2300E38A008CB325 /* GameKit */ = {
			isa = PBXGroup;
			children = (
				B63FD47223019E480020EEC1 /* README.md */,
				B61E93EE2300E38A008CB325 /* GKViewController.swift */,
				B61E93ED2300E38A008CB325 /* GKSceneHolder.swift */,
				B61E93F22300E38A008CB325 /* GKSafeScene.swift */,
				B61E93EF2300E38A008CB325 /* GKActionTimingMode.swift */,
				B61E93F02300E38A008CB325 /* Extensions */,
				B61E93F32300E38A008CB325 /* GKButtonNode.swift */,
				B61E94192300FEFA008CB325 /* GK3DSceneController.swift */,
			);
			path = GameKit;
			sourceTree = "<group>";
		};
		B61E93F02300E38A008CB325 /* Extensions */ = {
			isa = PBXGroup;
			children = (
				B61E93F12300E38A008CB325 /* Ex+SKAction.swift */,
				B61E941B2300FF8C008CB325 /* Ex+SceneKit.swift */,
			);
			path = Extensions;
			sourceTree = "<group>";
		};
		B61E93FA2300E390008CB325 /* StartScene */ = {
			isa = PBXGroup;
			children = (
				B61E93FB2300E390008CB325 /* TPStartScene.swift */,
				B61E93FC2300E390008CB325 /* Components */,
				B61E94052300E390008CB325 /* Particle */,
			);
			path = StartScene;
			sourceTree = "<group>";
		};
		B61E93FC2300E390008CB325 /* Components */ = {
			isa = PBXGroup;
			children = (
				B61E93FD2300E390008CB325 /* _TPStartSceneTabItem.swift */,
				B61E93FE2300E390008CB325 /* _TPStartSceneLogo.swift */,
				B61E93FF2300E390008CB325 /* _TPStartSceneEdgeBar.swift */,
				B61E94002300E390008CB325 /* _TPStartSceneActionIndicator.swift */,
				B61E94012300E390008CB325 /* _TPStartScenePatterns.swift */,
				B61E94022300E390008CB325 /* _TPStartSceneOverray.swift */,
				B61E94032300E390008CB325 /* _TPStartScenePlayButton.swift */,
				B61E94042300E390008CB325 /* _TPStartSceneRing.swift */,
			);
			path = Components;
			sourceTree = "<group>";
		};
		B61E94052300E390008CB325 /* Particle */ = {
			isa = PBXGroup;
			children = (
				B61E94062300E390008CB325 /* TPStartSceneBackgroundParticle.sks */,
				B61E94072300E390008CB325 /* Assets.xcassets */,
			);
			path = Particle;
			sourceTree = "<group>";
		};
		B61E94132300E394008CB325 /* StoryScene */ = {
			isa = PBXGroup;
			children = (
				B61E94142300E394008CB325 /* TPStoryScene.swift */,
				B61E94152300E394008CB325 /* Object */,
			);
			path = StoryScene;
			sourceTree = "<group>";
		};
		B61E94152300E394008CB325 /* Object */ = {
			isa = PBXGroup;
			children = (
				B61E94162300E394008CB325 /* TP_core.scn */,
			);
			path = Object;
			sourceTree = "<group>";
		};
		C5EEAD015C040741A850ECDC /* Frameworks */ = {
			isa = PBXGroup;
			children = (
				82F1EF92ABB8E7B55377BAFB /* Pods_Pielotopica.framework */,
			);
			name = Frameworks;
			sourceTree = "<group>";
		};
/* End PBXGroup section */

/* Begin PBXNativeTarget section */
		B61E939E23005E28008CB325 /* Pielotopica */ = {
			isa = PBXNativeTarget;
			buildConfigurationList = B61E93B323005E2C008CB325 /* Build configuration list for PBXNativeTarget "Pielotopica" */;
			buildPhases = (
				3F11EF6189C58675A84562A4 /* [CP] Check Pods Manifest.lock */,
				B61E939B23005E28008CB325 /* Sources */,
				B61E939C23005E28008CB325 /* Frameworks */,
				B61E939D23005E28008CB325 /* Resources */,
				1427FE48C02B955BB32E6A74 /* [CP] Embed Pods Frameworks */,
			);
			buildRules = (
			);
			dependencies = (
			);
			name = Pielotopica;
			productName = Pielotopica;
			productReference = B61E939F23005E28008CB325 /* Pielotopica.app */;
			productType = "com.apple.product-type.application";
		};
/* End PBXNativeTarget section */

/* Begin PBXProject section */
		B61E939723005E28008CB325 /* Project object */ = {
			isa = PBXProject;
			attributes = {
				LastSwiftUpdateCheck = 1100;
				LastUpgradeCheck = 1100;
				ORGANIZATIONNAME = yuki;
				TargetAttributes = {
					B61E939E23005E28008CB325 = {
						CreatedOnToolsVersion = 11.0;
						LastSwiftMigration = 1100;
					};
				};
			};
			buildConfigurationList = B61E939A23005E28008CB325 /* Build configuration list for PBXProject "Pielotopica" */;
			compatibilityVersion = "Xcode 9.3";
			developmentRegion = en;
			hasScannedForEncodings = 0;
			knownRegions = (
				en,
				Base,
			);
			mainGroup = B61E939623005E28008CB325;
			productRefGroup = B61E93A023005E28008CB325 /* Products */;
			projectDirPath = "";
			projectRoot = "";
			targets = (
				B61E939E23005E28008CB325 /* Pielotopica */,
			);
		};
/* End PBXProject section */

/* Begin PBXResourcesBuildPhase section */
		B61E939D23005E28008CB325 /* Resources */ = {
			isa = PBXResourcesBuildPhase;
			buildActionMask = 2147483647;
			files = (
				B61E93EA2300E376008CB325 /* Korneuburg-Slab-Regular.ttf in Resources */,
				B61E94112300E390008CB325 /* TPStartSceneBackgroundParticle.sks in Resources */,
				B61E93E82300E376008CB325 /* Korneuburg-Slab-Light.ttf in Resources */,
				B61E93E72300E376008CB325 /* Korneuburg-Slab-Light-Slanted.ttf in Resources */,
				B61E93AC23005E2C008CB325 /* Preview Assets.xcassets in Resources */,
				B61E94182300E395008CB325 /* TP_core.scn in Resources */,
				B61E93E52300E376008CB325 /* Silom.ttf in Resources */,
				B61E94122300E390008CB325 /* Assets.xcassets in Resources */,
				B61E93E22300E376008CB325 /* Assets.xcassets in Resources */,
				B61E93E42300E376008CB325 /* Main.storyboard in Resources */,
				B61E93EB2300E376008CB325 /* Korneuburg-Slab-Bold.ttf in Resources */,
				B61E93E32300E376008CB325 /* LaunchScreen.storyboard in Resources */,
				B61E93E92300E376008CB325 /* Korneuburg-Slab-Regular-Slanted.ttf in Resources */,
				B61E93E62300E376008CB325 /* Korneuburg-Slab-Bold_Slanted.ttf in Resources */,
			);
			runOnlyForDeploymentPostprocessing = 0;
		};
/* End PBXResourcesBuildPhase section */

/* Begin PBXShellScriptBuildPhase section */
		1427FE48C02B955BB32E6A74 /* [CP] Embed Pods Frameworks */ = {
			isa = PBXShellScriptBuildPhase;
			buildActionMask = 2147483647;
			files = (
			);
			inputFileListPaths = (
				"${PODS_ROOT}/Target Support Files/Pods-Pielotopica/Pods-Pielotopica-frameworks-${CONFIGURATION}-input-files.xcfilelist",
			);
			name = "[CP] Embed Pods Frameworks";
			outputFileListPaths = (
				"${PODS_ROOT}/Target Support Files/Pods-Pielotopica/Pods-Pielotopica-frameworks-${CONFIGURATION}-output-files.xcfilelist",
			);
			runOnlyForDeploymentPostprocessing = 0;
			shellPath = /bin/sh;
			shellScript = "\"${PODS_ROOT}/Target Support Files/Pods-Pielotopica/Pods-Pielotopica-frameworks.sh\"\n";
			showEnvVarsInLog = 0;
		};
		3F11EF6189C58675A84562A4 /* [CP] Check Pods Manifest.lock */ = {
			isa = PBXShellScriptBuildPhase;
			buildActionMask = 2147483647;
			files = (
			);
			inputFileListPaths = (
			);
			inputPaths = (
				"${PODS_PODFILE_DIR_PATH}/Podfile.lock",
				"${PODS_ROOT}/Manifest.lock",
			);
			name = "[CP] Check Pods Manifest.lock";
			outputFileListPaths = (
			);
			outputPaths = (
				"$(DERIVED_FILE_DIR)/Pods-Pielotopica-checkManifestLockResult.txt",
			);
			runOnlyForDeploymentPostprocessing = 0;
			shellPath = /bin/sh;
			shellScript = "diff \"${PODS_PODFILE_DIR_PATH}/Podfile.lock\" \"${PODS_ROOT}/Manifest.lock\" > /dev/null\nif [ $? != 0 ] ; then\n    # print error to STDERR\n    echo \"error: The sandbox is not in sync with the Podfile.lock. Run 'pod install' or update your CocoaPods installation.\" >&2\n    exit 1\nfi\n# This output is used by Xcode 'outputs' to avoid re-running this script phase.\necho \"SUCCESS\" > \"${SCRIPT_OUTPUT_FILE_0}\"\n";
			showEnvVarsInLog = 0;
		};
/* End PBXShellScriptBuildPhase section */

/* Begin PBXSourcesBuildPhase section */
		B61E939B23005E28008CB325 /* Sources */ = {
			isa = PBXSourcesBuildPhase;
			buildActionMask = 2147483647;
			files = (
				B61E93F72300E38A008CB325 /* Ex+SKAction.swift in Sources */,
				B61E93BD2300E368008CB325 /* AppDelegate.swift in Sources */,
				B61E93F42300E38A008CB325 /* GKSceneHolder.swift in Sources */,
				B61E93F52300E38A008CB325 /* GKViewController.swift in Sources */,
				B61E940D2300E390008CB325 /* _TPStartScenePatterns.swift in Sources */,
				B61E94102300E390008CB325 /* _TPStartSceneRing.swift in Sources */,
				B61E93CE2300E36C008CB325 /* Ex+Foundation.swift in Sources */,
				B61E940A2300E390008CB325 /* _TPStartSceneLogo.swift in Sources */,
				B61E940B2300E390008CB325 /* _TPStartSceneEdgeBar.swift in Sources */,
				B61E93BB2300E361008CB325 /* ViewController.swift in Sources */,
				B6030EEC2301A4E5005C4312 /* Ex+BehaviorRelay.swift in Sources */,
				B61E941C2300FF8C008CB325 /* Ex+SceneKit.swift in Sources */,
				B61E94082300E390008CB325 /* TPStartScene.swift in Sources */,
				B61E940E2300E390008CB325 /* _TPStartSceneOverray.swift in Sources */,
				B61E93F82300E38A008CB325 /* GKSafeScene.swift in Sources */,
				B61E93CB2300E36C008CB325 /* RMBindCenter.swift in Sources */,
				B61E94172300E395008CB325 /* TPStoryScene.swift in Sources */,
				B61E941A2300FEFA008CB325 /* GK3DSceneController.swift in Sources */,
				B61E940C2300E390008CB325 /* _TPStartSceneActionIndicator.swift in Sources */,
				B61E93D32300E36C008CB325 /* RMTapicEngine.swift in Sources */,
				B61E94092300E390008CB325 /* _TPStartSceneTabItem.swift in Sources */,
				B61E93CA2300E36C008CB325 /* RMStorage.swift in Sources */,
				B61E93B72300E356008CB325 /* TPCommon.swift in Sources */,
				B61E93F62300E38A008CB325 /* GKActionTimingMode.swift in Sources */,
				B61E93B92300E35E008CB325 /* TPStartBackgroundScene.swift in Sources */,
				B61E93CD2300E36C008CB325 /* Ex+Swift.swift in Sources */,
				B61E93D12300E36C008CB325 /* Ex+UIColor.swift in Sources */,
				B61E93D02300E36C008CB325 /* Ex+UIKit.swift in Sources */,
				B61E93CF2300E36C008CB325 /* EX+SpriteKit.swift in Sources */,
				B61E93F92300E38A008CB325 /* GKButtonNode.swift in Sources */,
				B61E940F2300E390008CB325 /* _TPStartScenePlayButton.swift in Sources */,
				B61E93CC2300E36C008CB325 /* Ex+UIImage.swift in Sources */,
				B61E93D22300E36C008CB325 /* Ex+CoreGraphics.swift in Sources */,
			);
			runOnlyForDeploymentPostprocessing = 0;
		};
/* End PBXSourcesBuildPhase section */

/* Begin PBXVariantGroup section */
		B61E93D62300E376008CB325 /* LaunchScreen.storyboard */ = {
			isa = PBXVariantGroup;
			children = (
				B61E93D72300E376008CB325 /* Base */,
			);
			name = LaunchScreen.storyboard;
			sourceTree = "<group>";
		};
		B61E93D82300E376008CB325 /* Main.storyboard */ = {
			isa = PBXVariantGroup;
			children = (
				B61E93D92300E376008CB325 /* Base */,
			);
			name = Main.storyboard;
			sourceTree = "<group>";
		};
/* End PBXVariantGroup section */

/* Begin XCBuildConfiguration section */
		B61E93B123005E2C008CB325 /* Debug */ = {
			isa = XCBuildConfiguration;
			buildSettings = {
				ALWAYS_SEARCH_USER_PATHS = NO;
				CLANG_ANALYZER_NONNULL = YES;
				CLANG_ANALYZER_NUMBER_OBJECT_CONVERSION = YES_AGGRESSIVE;
				CLANG_CXX_LANGUAGE_STANDARD = "gnu++14";
				CLANG_CXX_LIBRARY = "libc++";
				CLANG_ENABLE_MODULES = YES;
				CLANG_ENABLE_OBJC_ARC = YES;
				CLANG_ENABLE_OBJC_WEAK = YES;
				CLANG_WARN_BLOCK_CAPTURE_AUTORELEASING = YES;
				CLANG_WARN_BOOL_CONVERSION = YES;
				CLANG_WARN_COMMA = YES;
				CLANG_WARN_CONSTANT_CONVERSION = YES;
				CLANG_WARN_DEPRECATED_OBJC_IMPLEMENTATIONS = YES;
				CLANG_WARN_DIRECT_OBJC_ISA_USAGE = YES_ERROR;
				CLANG_WARN_DOCUMENTATION_COMMENTS = YES;
				CLANG_WARN_EMPTY_BODY = YES;
				CLANG_WARN_ENUM_CONVERSION = YES;
				CLANG_WARN_INFINITE_RECURSION = YES;
				CLANG_WARN_INT_CONVERSION = YES;
				CLANG_WARN_NON_LITERAL_NULL_CONVERSION = YES;
				CLANG_WARN_OBJC_IMPLICIT_RETAIN_SELF = YES;
				CLANG_WARN_OBJC_LITERAL_CONVERSION = YES;
				CLANG_WARN_OBJC_ROOT_CLASS = YES_ERROR;
				CLANG_WARN_RANGE_LOOP_ANALYSIS = YES;
				CLANG_WARN_STRICT_PROTOTYPES = YES;
				CLANG_WARN_SUSPICIOUS_MOVE = YES;
				CLANG_WARN_UNGUARDED_AVAILABILITY = YES_AGGRESSIVE;
				CLANG_WARN_UNREACHABLE_CODE = YES;
				CLANG_WARN__DUPLICATE_METHOD_MATCH = YES;
				COPY_PHASE_STRIP = NO;
				DEBUG_INFORMATION_FORMAT = dwarf;
				ENABLE_STRICT_OBJC_MSGSEND = YES;
				ENABLE_TESTABILITY = YES;
				GCC_C_LANGUAGE_STANDARD = gnu11;
				GCC_DYNAMIC_NO_PIC = NO;
				GCC_NO_COMMON_BLOCKS = YES;
				GCC_OPTIMIZATION_LEVEL = 0;
				GCC_PREPROCESSOR_DEFINITIONS = (
					"DEBUG=1",
					"$(inherited)",
				);
				GCC_WARN_64_TO_32_BIT_CONVERSION = YES;
				GCC_WARN_ABOUT_RETURN_TYPE = YES_ERROR;
				GCC_WARN_UNDECLARED_SELECTOR = YES;
				GCC_WARN_UNINITIALIZED_AUTOS = YES_AGGRESSIVE;
				GCC_WARN_UNUSED_FUNCTION = YES;
				GCC_WARN_UNUSED_VARIABLE = YES;
				IPHONEOS_DEPLOYMENT_TARGET = 13.0;
				MTL_ENABLE_DEBUG_INFO = INCLUDE_SOURCE;
				MTL_FAST_MATH = YES;
				ONLY_ACTIVE_ARCH = YES;
				SDKROOT = iphoneos;
				SWIFT_ACTIVE_COMPILATION_CONDITIONS = DEBUG;
				SWIFT_OPTIMIZATION_LEVEL = "-Onone";
			};
			name = Debug;
		};
		B61E93B223005E2C008CB325 /* Release */ = {
			isa = XCBuildConfiguration;
			buildSettings = {
				ALWAYS_SEARCH_USER_PATHS = NO;
				CLANG_ANALYZER_NONNULL = YES;
				CLANG_ANALYZER_NUMBER_OBJECT_CONVERSION = YES_AGGRESSIVE;
				CLANG_CXX_LANGUAGE_STANDARD = "gnu++14";
				CLANG_CXX_LIBRARY = "libc++";
				CLANG_ENABLE_MODULES = YES;
				CLANG_ENABLE_OBJC_ARC = YES;
				CLANG_ENABLE_OBJC_WEAK = YES;
				CLANG_WARN_BLOCK_CAPTURE_AUTORELEASING = YES;
				CLANG_WARN_BOOL_CONVERSION = YES;
				CLANG_WARN_COMMA = YES;
				CLANG_WARN_CONSTANT_CONVERSION = YES;
				CLANG_WARN_DEPRECATED_OBJC_IMPLEMENTATIONS = YES;
				CLANG_WARN_DIRECT_OBJC_ISA_USAGE = YES_ERROR;
				CLANG_WARN_DOCUMENTATION_COMMENTS = YES;
				CLANG_WARN_EMPTY_BODY = YES;
				CLANG_WARN_ENUM_CONVERSION = YES;
				CLANG_WARN_INFINITE_RECURSION = YES;
				CLANG_WARN_INT_CONVERSION = YES;
				CLANG_WARN_NON_LITERAL_NULL_CONVERSION = YES;
				CLANG_WARN_OBJC_IMPLICIT_RETAIN_SELF = YES;
				CLANG_WARN_OBJC_LITERAL_CONVERSION = YES;
				CLANG_WARN_OBJC_ROOT_CLASS = YES_ERROR;
				CLANG_WARN_RANGE_LOOP_ANALYSIS = YES;
				CLANG_WARN_STRICT_PROTOTYPES = YES;
				CLANG_WARN_SUSPICIOUS_MOVE = YES;
				CLANG_WARN_UNGUARDED_AVAILABILITY = YES_AGGRESSIVE;
				CLANG_WARN_UNREACHABLE_CODE = YES;
				CLANG_WARN__DUPLICATE_METHOD_MATCH = YES;
				COPY_PHASE_STRIP = NO;
				DEBUG_INFORMATION_FORMAT = "dwarf-with-dsym";
				ENABLE_NS_ASSERTIONS = NO;
				ENABLE_STRICT_OBJC_MSGSEND = YES;
				GCC_C_LANGUAGE_STANDARD = gnu11;
				GCC_NO_COMMON_BLOCKS = YES;
				GCC_WARN_64_TO_32_BIT_CONVERSION = YES;
				GCC_WARN_ABOUT_RETURN_TYPE = YES_ERROR;
				GCC_WARN_UNDECLARED_SELECTOR = YES;
				GCC_WARN_UNINITIALIZED_AUTOS = YES_AGGRESSIVE;
				GCC_WARN_UNUSED_FUNCTION = YES;
				GCC_WARN_UNUSED_VARIABLE = YES;
				IPHONEOS_DEPLOYMENT_TARGET = 13.0;
				MTL_ENABLE_DEBUG_INFO = NO;
				MTL_FAST_MATH = YES;
				SDKROOT = iphoneos;
				SWIFT_COMPILATION_MODE = wholemodule;
				SWIFT_OPTIMIZATION_LEVEL = "-O";
				VALIDATE_PRODUCT = YES;
			};
			name = Release;
		};
		B61E93B423005E2C008CB325 /* Debug */ = {
			isa = XCBuildConfiguration;
			baseConfigurationReference = 1C61BDA478C66F0C795B92AE /* Pods-Pielotopica.debug.xcconfig */;
			buildSettings = {
				ASSETCATALOG_COMPILER_APPICON_NAME = AppIcon;
				CLANG_ENABLE_MODULES = YES;
				CODE_SIGN_STYLE = Automatic;
				DEVELOPMENT_ASSET_PATHS = "Pielotopica/Preview\\ Content";
				DEVELOPMENT_TEAM = 4NN4TCPLE3;
				ENABLE_PREVIEWS = YES;
				INFOPLIST_FILE = Pielotopica/Info.plist;
				IPHONEOS_DEPLOYMENT_TARGET = 12.0;
				LD_RUNPATH_SEARCH_PATHS = (
					"$(inherited)",
					"@executable_path/Frameworks",
				);
				PRODUCT_BUNDLE_IDENTIFIER = com.pielotopica.Pielotopica;
				PRODUCT_NAME = "$(TARGET_NAME)";
				SWIFT_OPTIMIZATION_LEVEL = "-Onone";
				SWIFT_VERSION = 5.0;
				TARGETED_DEVICE_FAMILY = "1,2";
			};
			name = Debug;
		};
		B61E93B523005E2C008CB325 /* Release */ = {
			isa = XCBuildConfiguration;
			baseConfigurationReference = 05DBDCD7D6EB5B372F8F1C68 /* Pods-Pielotopica.release.xcconfig */;
			buildSettings = {
				ASSETCATALOG_COMPILER_APPICON_NAME = AppIcon;
				CLANG_ENABLE_MODULES = YES;
				CODE_SIGN_STYLE = Automatic;
				DEVELOPMENT_ASSET_PATHS = "Pielotopica/Preview\\ Content";
				DEVELOPMENT_TEAM = 4NN4TCPLE3;
				ENABLE_PREVIEWS = YES;
				INFOPLIST_FILE = Pielotopica/Info.plist;
				IPHONEOS_DEPLOYMENT_TARGET = 12.0;
				LD_RUNPATH_SEARCH_PATHS = (
					"$(inherited)",
					"@executable_path/Frameworks",
				);
				PRODUCT_BUNDLE_IDENTIFIER = com.pielotopica.Pielotopica;
				PRODUCT_NAME = "$(TARGET_NAME)";
				SWIFT_VERSION = 5.0;
				TARGETED_DEVICE_FAMILY = "1,2";
			};
			name = Release;
		};
/* End XCBuildConfiguration section */

/* Begin XCConfigurationList section */
		B61E939A23005E28008CB325 /* Build configuration list for PBXProject "Pielotopica" */ = {
			isa = XCConfigurationList;
			buildConfigurations = (
				B61E93B123005E2C008CB325 /* Debug */,
				B61E93B223005E2C008CB325 /* Release */,
			);
			defaultConfigurationIsVisible = 0;
			defaultConfigurationName = Release;
		};
		B61E93B323005E2C008CB325 /* Build configuration list for PBXNativeTarget "Pielotopica" */ = {
			isa = XCConfigurationList;
			buildConfigurations = (
				B61E93B423005E2C008CB325 /* Debug */,
				B61E93B523005E2C008CB325 /* Release */,
			);
			defaultConfigurationIsVisible = 0;
			defaultConfigurationName = Release;
		};
/* End XCConfigurationList section */
	};
	rootObject = B61E939723005E28008CB325 /* Project object */;
}
