// !$*UTF8*$!
{
	archiveVersion = 1;
	classes = {
	};
	objectVersion = 51;
	objects = {

/* Begin PBXBuildFile section */
		458B447EA9D788ED15D0E224 /* Pods_Pielotopica.framework in Frameworks */ = {isa = PBXBuildFile; fileRef = 82F1EF92ABB8E7B55377BAFB /* Pods_Pielotopica.framework */; };
		B6030EEE2301A518005C4312 /* Ex+BehaviorRelay.swift in Sources */ = {isa = PBXBuildFile; fileRef = B6030EED2301A518005C4312 /* Ex+BehaviorRelay.swift */; };
		B608C496231101060073843E /* TP_wood_wall_1x1.scn in Resources */ = {isa = PBXBuildFile; fileRef = B608C495231101060073843E /* TP_wood_wall_1x1.scn */; };
		B608C498231101130073843E /* wood_wall_1x1.png in Resources */ = {isa = PBXBuildFile; fileRef = B608C497231101120073843E /* wood_wall_1x1.png */; };
		B614C236230F731F00DA7093 /* TS_Wall1x5.swift in Sources */ = {isa = PBXBuildFile; fileRef = B614C235230F731F00DA7093 /* TS_Wall1x5.swift */; };
		B61E93B72300E356008CB325 /* TPCommon.swift in Sources */ = {isa = PBXBuildFile; fileRef = B61E93B62300E356008CB325 /* TPCommon.swift */; };
		B61E93B92300E35E008CB325 /* TPStartBackgroundScene.swift in Sources */ = {isa = PBXBuildFile; fileRef = B61E93B82300E35E008CB325 /* TPStartBackgroundScene.swift */; };
		B61E93BB2300E361008CB325 /* GameViewController.swift in Sources */ = {isa = PBXBuildFile; fileRef = B61E93BA2300E361008CB325 /* GameViewController.swift */; };
		B61E93BD2300E368008CB325 /* AppDelegate.swift in Sources */ = {isa = PBXBuildFile; fileRef = B61E93BC2300E368008CB325 /* AppDelegate.swift */; };
		B61E93CA2300E36C008CB325 /* RMStorage.swift in Sources */ = {isa = PBXBuildFile; fileRef = B61E93BF2300E36C008CB325 /* RMStorage.swift */; };
		B61E93CB2300E36C008CB325 /* RMBindCenter.swift in Sources */ = {isa = PBXBuildFile; fileRef = B61E93C02300E36C008CB325 /* RMBindCenter.swift */; };
		B61E93CC2300E36C008CB325 /* Ex+UIImage.swift in Sources */ = {isa = PBXBuildFile; fileRef = B61E93C22300E36C008CB325 /* Ex+UIImage.swift */; };
		B61E93CD2300E36C008CB325 /* Ex+Swift.swift in Sources */ = {isa = PBXBuildFile; fileRef = B61E93C32300E36C008CB325 /* Ex+Swift.swift */; };
		B61E93CE2300E36C008CB325 /* Ex+Foundation.swift in Sources */ = {isa = PBXBuildFile; fileRef = B61E93C42300E36C008CB325 /* Ex+Foundation.swift */; };
		B61E93CF2300E36C008CB325 /* Ex+SKScene.swift in Sources */ = {isa = PBXBuildFile; fileRef = B61E93C52300E36C008CB325 /* Ex+SKScene.swift */; };
		B61E93D02300E36C008CB325 /* Ex+UIKit.swift in Sources */ = {isa = PBXBuildFile; fileRef = B61E93C62300E36C008CB325 /* Ex+UIKit.swift */; };
		B61E93D12300E36C008CB325 /* Ex+UIColor.swift in Sources */ = {isa = PBXBuildFile; fileRef = B61E93C72300E36C008CB325 /* Ex+UIColor.swift */; };
		B61E93D22300E36C008CB325 /* Ex+CoreGraphics.swift in Sources */ = {isa = PBXBuildFile; fileRef = B61E93C82300E36C008CB325 /* Ex+CoreGraphics.swift */; };
		B61E93D32300E36C008CB325 /* RMTapicEngine.swift in Sources */ = {isa = PBXBuildFile; fileRef = B61E93C92300E36C008CB325 /* RMTapicEngine.swift */; };
		B61E93E22300E376008CB325 /* Assets.xcassets in Resources */ = {isa = PBXBuildFile; fileRef = B61E93D52300E376008CB325 /* Assets.xcassets */; };
		B61E93E32300E376008CB325 /* LaunchScreen.storyboard in Resources */ = {isa = PBXBuildFile; fileRef = B61E93D62300E376008CB325 /* LaunchScreen.storyboard */; };
		B61E93E42300E376008CB325 /* Main.storyboard in Resources */ = {isa = PBXBuildFile; fileRef = B61E93D82300E376008CB325 /* Main.storyboard */; };
		B61E93E52300E376008CB325 /* Silom.ttf in Resources */ = {isa = PBXBuildFile; fileRef = B61E93DB2300E376008CB325 /* Silom.ttf */; };
		B61E93E62300E376008CB325 /* Korneuburg-Slab-Bold_Slanted.ttf in Resources */ = {isa = PBXBuildFile; fileRef = B61E93DC2300E376008CB325 /* Korneuburg-Slab-Bold_Slanted.ttf */; };
		B61E93E72300E376008CB325 /* Korneuburg-Slab-Light-Slanted.ttf in Resources */ = {isa = PBXBuildFile; fileRef = B61E93DD2300E376008CB325 /* Korneuburg-Slab-Light-Slanted.ttf */; };
		B61E93E82300E376008CB325 /* Korneuburg-Slab-Light.ttf in Resources */ = {isa = PBXBuildFile; fileRef = B61E93DE2300E376008CB325 /* Korneuburg-Slab-Light.ttf */; };
		B61E93E92300E376008CB325 /* Korneuburg-Slab-Regular-Slanted.ttf in Resources */ = {isa = PBXBuildFile; fileRef = B61E93DF2300E376008CB325 /* Korneuburg-Slab-Regular-Slanted.ttf */; };
		B61E93EA2300E376008CB325 /* Korneuburg-Slab-Regular.ttf in Resources */ = {isa = PBXBuildFile; fileRef = B61E93E02300E376008CB325 /* Korneuburg-Slab-Regular.ttf */; };
		B61E93EB2300E376008CB325 /* Korneuburg-Slab-Bold.ttf in Resources */ = {isa = PBXBuildFile; fileRef = B61E93E12300E376008CB325 /* Korneuburg-Slab-Bold.ttf */; };
		B61E93F42300E38A008CB325 /* GKSceneHolder.swift in Sources */ = {isa = PBXBuildFile; fileRef = B61E93ED2300E38A008CB325 /* GKSceneHolder.swift */; };
		B61E93F52300E38A008CB325 /* GKGameViewController.swift in Sources */ = {isa = PBXBuildFile; fileRef = B61E93EE2300E38A008CB325 /* GKGameViewController.swift */; };
		B61E93F62300E38A008CB325 /* GKActionTimingMode.swift in Sources */ = {isa = PBXBuildFile; fileRef = B61E93EF2300E38A008CB325 /* GKActionTimingMode.swift */; };
		B61E93F72300E38A008CB325 /* Ex+SKAction.swift in Sources */ = {isa = PBXBuildFile; fileRef = B61E93F12300E38A008CB325 /* Ex+SKAction.swift */; };
		B61E93F82300E38A008CB325 /* GKSafeScene.swift in Sources */ = {isa = PBXBuildFile; fileRef = B61E93F22300E38A008CB325 /* GKSafeScene.swift */; };
		B61E93F92300E38A008CB325 /* GKButtonNode.swift in Sources */ = {isa = PBXBuildFile; fileRef = B61E93F32300E38A008CB325 /* GKButtonNode.swift */; };
		B61E94082300E390008CB325 /* TPStartScene.swift in Sources */ = {isa = PBXBuildFile; fileRef = B61E93FB2300E390008CB325 /* TPStartScene.swift */; };
		B61E94092300E390008CB325 /* _TPStartSceneTabItem.swift in Sources */ = {isa = PBXBuildFile; fileRef = B61E93FD2300E390008CB325 /* _TPStartSceneTabItem.swift */; };
		B61E940A2300E390008CB325 /* _TPStartSceneLogo.swift in Sources */ = {isa = PBXBuildFile; fileRef = B61E93FE2300E390008CB325 /* _TPStartSceneLogo.swift */; };
		B61E940B2300E390008CB325 /* _TPStartSceneEdgeBar.swift in Sources */ = {isa = PBXBuildFile; fileRef = B61E93FF2300E390008CB325 /* _TPStartSceneEdgeBar.swift */; };
		B61E940C2300E390008CB325 /* _TPStartSceneActionIndicator.swift in Sources */ = {isa = PBXBuildFile; fileRef = B61E94002300E390008CB325 /* _TPStartSceneActionIndicator.swift */; };
		B61E940D2300E390008CB325 /* _TPStartScenePatterns.swift in Sources */ = {isa = PBXBuildFile; fileRef = B61E94012300E390008CB325 /* _TPStartScenePatterns.swift */; };
		B61E940E2300E390008CB325 /* _TPStartSceneOverray.swift in Sources */ = {isa = PBXBuildFile; fileRef = B61E94022300E390008CB325 /* _TPStartSceneOverray.swift */; };
		B61E940F2300E390008CB325 /* _TPStartScenePlayButton.swift in Sources */ = {isa = PBXBuildFile; fileRef = B61E94032300E390008CB325 /* _TPStartScenePlayButton.swift */; };
		B61E94102300E390008CB325 /* _TPStartSceneRing.swift in Sources */ = {isa = PBXBuildFile; fileRef = B61E94042300E390008CB325 /* _TPStartSceneRing.swift */; };
		B61E94112300E390008CB325 /* TPStartSceneBackgroundParticle.sks in Resources */ = {isa = PBXBuildFile; fileRef = B61E94062300E390008CB325 /* TPStartSceneBackgroundParticle.sks */; };
		B61E94122300E390008CB325 /* Assets.xcassets in Resources */ = {isa = PBXBuildFile; fileRef = B61E94072300E390008CB325 /* Assets.xcassets */; };
		B61E94172300E395008CB325 /* TPSandBoxScene.swift in Sources */ = {isa = PBXBuildFile; fileRef = B61E94142300E394008CB325 /* TPSandBoxScene.swift */; };
		B61E941A2300FEFA008CB325 /* GK3DSceneController.swift in Sources */ = {isa = PBXBuildFile; fileRef = B61E94192300FEFA008CB325 /* GK3DSceneController.swift */; };
		B62279BD2301A7A7009EF60F /* TPDebug.swift in Sources */ = {isa = PBXBuildFile; fileRef = B62279BC2301A7A7009EF60F /* TPDebug.swift */; };
		B6227A2E2301AB84009EF60F /* TSVector3.swift in Sources */ = {isa = PBXBuildFile; fileRef = B6227A0D2301AB83009EF60F /* TSVector3.swift */; };
		B6227A2F2301AB84009EF60F /* TSVector2.swift in Sources */ = {isa = PBXBuildFile; fileRef = B6227A0E2301AB83009EF60F /* TSVector2.swift */; };
		B6227A302301AB84009EF60F /* TSPlayer.swift in Sources */ = {isa = PBXBuildFile; fileRef = B6227A0F2301AB83009EF60F /* TSPlayer.swift */; };
		B6227A312301AB84009EF60F /* bokeh.png in Resources */ = {isa = PBXBuildFile; fileRef = B6227A112301AB83009EF60F /* bokeh.png */; };
		B6227A322301AB84009EF60F /* TSBlockAnimator.swift in Sources */ = {isa = PBXBuildFile; fileRef = B6227A122301AB83009EF60F /* TSBlockAnimator.swift */; };
		B6227A332301AB84009EF60F /* TSBlockPlaceAnimation.scnp in Resources */ = {isa = PBXBuildFile; fileRef = B6227A132301AB83009EF60F /* TSBlockPlaceAnimation.scnp */; };
		B6227A342301AB84009EF60F /* TSInventry.swift in Sources */ = {isa = PBXBuildFile; fileRef = B6227A152301AB83009EF60F /* TSInventry.swift */; };
		B6227A352301AB84009EF60F /* TSBlockItem.swift in Sources */ = {isa = PBXBuildFile; fileRef = B6227A162301AB83009EF60F /* TSBlockItem.swift */; };
		B6227A362301AB84009EF60F /* TSItem.swift in Sources */ = {isa = PBXBuildFile; fileRef = B6227A172301AB83009EF60F /* TSItem.swift */; };
		B6227A372301AB84009EF60F /* TSBlock.swift in Sources */ = {isa = PBXBuildFile; fileRef = B6227A182301AB83009EF60F /* TSBlock.swift */; };
		B6227A382301AB84009EF60F /* TSItemBarInventory.swift in Sources */ = {isa = PBXBuildFile; fileRef = B6227A192301AB83009EF60F /* TSItemBarInventory.swift */; };
		B6227A392301AB84009EF60F /* TSItemStack.swift in Sources */ = {isa = PBXBuildFile; fileRef = B6227A1A2301AB83009EF60F /* TSItemStack.swift */; };
		B6227A3A2301AB84009EF60F /* TSLevel.swift in Sources */ = {isa = PBXBuildFile; fileRef = B6227A1C2301AB83009EF60F /* TSLevel.swift */; };
		B6227A3D2301AB84009EF60F /* TSNodeGenerator.swift in Sources */ = {isa = PBXBuildFile; fileRef = B6227A202301AB83009EF60F /* TSNodeGenerator.swift */; };
		B6227A422301AB84009EF60F /* Ex+TSVector3.swift in Sources */ = {isa = PBXBuildFile; fileRef = B6227A272301AB84009EF60F /* Ex+TSVector3.swift */; };
		B6227A432301AB84009EF60F /* Ex+TSVector2.swift in Sources */ = {isa = PBXBuildFile; fileRef = B6227A282301AB84009EF60F /* Ex+TSVector2.swift */; };
		B6227A4E2301AE37009EF60F /* Impl+Block.swift in Sources */ = {isa = PBXBuildFile; fileRef = B6227A4B2301AE37009EF60F /* Impl+Block.swift */; };
		B6227A5C2301B13C009EF60F /* Ex+SCNVector3.swift in Sources */ = {isa = PBXBuildFile; fileRef = B6227A582301B13B009EF60F /* Ex+SCNVector3.swift */; };
		B6227A5D2301B13C009EF60F /* Ex+SCNNode.swift in Sources */ = {isa = PBXBuildFile; fileRef = B6227A592301B13B009EF60F /* Ex+SCNNode.swift */; };
		B6227A5E2301B13C009EF60F /* Ex+SCNMatrix4.swift in Sources */ = {isa = PBXBuildFile; fileRef = B6227A5A2301B13C009EF60F /* Ex+SCNMatrix4.swift */; };
		B6227A5F2301B13C009EF60F /* Ex+SCNAction.swift in Sources */ = {isa = PBXBuildFile; fileRef = B6227A5B2301B13C009EF60F /* Ex+SCNAction.swift */; };
		B6227A6323023732009EF60F /* TS_JapaneseHouse2.swift in Sources */ = {isa = PBXBuildFile; fileRef = B6227A6123023732009EF60F /* TS_JapaneseHouse2.swift */; };
		B6227A6423023732009EF60F /* TS_Floar.swift in Sources */ = {isa = PBXBuildFile; fileRef = B6227A6223023732009EF60F /* TS_Floar.swift */; };
		B6227A6D2302391A009EF60F /* TP_japanese_house_1.scn in Resources */ = {isa = PBXBuildFile; fileRef = B6227A692302391A009EF60F /* TP_japanese_house_1.scn */; };
		B6227A6E2302391A009EF60F /* TP_japanese_house_2.scn in Resources */ = {isa = PBXBuildFile; fileRef = B6227A6A2302391A009EF60F /* TP_japanese_house_2.scn */; };
		B6227A71230239DB009EF60F /* Impl+Item.swift in Sources */ = {isa = PBXBuildFile; fileRef = B6227A70230239DB009EF60F /* Impl+Item.swift */; };
		B62521A1231166AA00D0ADD6 /* TPBlockMoveHelper.swift in Sources */ = {isa = PBXBuildFile; fileRef = B62521A0231166AA00D0ADD6 /* TPBlockMoveHelper.swift */; };
		B634BB0A230C03B800A896A8 /* recognition_object_item_map.json in Resources */ = {isa = PBXBuildFile; fileRef = B634BB09230C03B800A896A8 /* recognition_object_item_map.json */; };
		B651231423114DFF003129B5 /* TS_Air.swift in Sources */ = {isa = PBXBuildFile; fileRef = B651231323114DFF003129B5 /* TS_Air.swift */; };
		B654AB81230F6AA500819C55 /* TP_wood_wall_1x5.png in Resources */ = {isa = PBXBuildFile; fileRef = B654AB80230F6AA300819C55 /* TP_wood_wall_1x5.png */; };
		B65CDA2E2310173C00FD6375 /* TP_build_place.mp3 in Resources */ = {isa = PBXBuildFile; fileRef = B65CDA2D2310173C00FD6375 /* TP_build_place.mp3 */; };
		B667BA59230B776C0038B098 /* RKRectAdjuster.swift in Sources */ = {isa = PBXBuildFile; fileRef = B667BA50230B776C0038B098 /* RKRectAdjuster.swift */; };
		B667BA5A230B776C0038B098 /* RKImageResizer.swift in Sources */ = {isa = PBXBuildFile; fileRef = B667BA51230B776C0038B098 /* RKImageResizer.swift */; };
		B667BA5B230B776C0038B098 /* RKObjectNameMapper.swift in Sources */ = {isa = PBXBuildFile; fileRef = B667BA52230B776C0038B098 /* RKObjectNameMapper.swift */; };
		B667BA5C230B776C0038B098 /* YOLO+Helpers.swift in Sources */ = {isa = PBXBuildFile; fileRef = B667BA54230B776C0038B098 /* YOLO+Helpers.swift */; };
		B667BA5D230B776C0038B098 /* Ex+CVPixelBuffer.swift in Sources */ = {isa = PBXBuildFile; fileRef = B667BA55230B776C0038B098 /* Ex+CVPixelBuffer.swift */; };
		B667BA5E230B776C0038B098 /* YOLOv3.mlmodel in Sources */ = {isa = PBXBuildFile; fileRef = B667BA56230B776C0038B098 /* YOLOv3.mlmodel */; };
		B667BA5F230B776C0038B098 /* YOLO.swift in Sources */ = {isa = PBXBuildFile; fileRef = B667BA57230B776C0038B098 /* YOLO.swift */; };
		B667BA60230B776C0038B098 /* RKObjectDetector.swift in Sources */ = {isa = PBXBuildFile; fileRef = B667BA58230B776C0038B098 /* RKObjectDetector.swift */; };
		B6690597230E245E008AE24F /* TPBuildItemBar.swift in Sources */ = {isa = PBXBuildFile; fileRef = B6690596230E245E008AE24F /* TPBuildItemBar.swift */; };
		B6690599230E2861008AE24F /* TPDropButton.swift in Sources */ = {isa = PBXBuildFile; fileRef = B6690598230E2861008AE24F /* TPDropButton.swift */; };
		B66D41CB230BD218004BBE8E /* RouterViewController.swift in Sources */ = {isa = PBXBuildFile; fileRef = B66D41CA230BD218004BBE8E /* RouterViewController.swift */; };
		B67A965C23094AEF00BD408D /* TPSandboxSceneController.swift in Sources */ = {isa = PBXBuildFile; fileRef = B67A965B23094AEF00BD408D /* TPSandboxSceneController.swift */; };
		B67A966023094E4000BD408D /* TPBlockPlaceHelper.swift in Sources */ = {isa = PBXBuildFile; fileRef = B67A965E23094E4000BD408D /* TPBlockPlaceHelper.swift */; };
		B67A966123094E4000BD408D /* TPCameraGestureHelper.swift in Sources */ = {isa = PBXBuildFile; fileRef = B67A965F23094E4000BD408D /* TPCameraGestureHelper.swift */; };
		B67A966323094E6300BD408D /* TPSandboxSceneModel.swift in Sources */ = {isa = PBXBuildFile; fileRef = B67A966223094E6300BD408D /* TPSandboxSceneModel.swift */; };
		B6931446230E8EFB00C1B4D7 /* TPBuildItemBarItem.swift in Sources */ = {isa = PBXBuildFile; fileRef = B6931445230E8EFB00C1B4D7 /* TPBuildItemBarItem.swift */; };
		B6931448230E992000C1B4D7 /* TPSandBoxSceneUIModel.swift in Sources */ = {isa = PBXBuildFile; fileRef = B6931447230E992000C1B4D7 /* TPSandBoxSceneUIModel.swift */; };
		B698F16A230FC85C00CAE917 /* PielotopicaTests.swift in Sources */ = {isa = PBXBuildFile; fileRef = B698F169230FC85C00CAE917 /* PielotopicaTests.swift */; };
		B69CE2F5230E2A5E00CE04E6 /* TPFlatButton.swift in Sources */ = {isa = PBXBuildFile; fileRef = B69CE2F4230E2A5E00CE04E6 /* TPFlatButton.swift */; };
		B69CE2F7230E6CE600CE04E6 /* Ex+UIStoryboard.swift in Sources */ = {isa = PBXBuildFile; fileRef = B69CE2F6230E6CE600CE04E6 /* Ex+UIStoryboard.swift */; };
		B6A89CB9230B8040007F5416 /* BoundingBox.swift in Sources */ = {isa = PBXBuildFile; fileRef = B6A89CB6230B803F007F5416 /* BoundingBox.swift */; };
		B6A89CBA230B8040007F5416 /* RKVideoCapture.swift in Sources */ = {isa = PBXBuildFile; fileRef = B6A89CB7230B8040007F5416 /* RKVideoCapture.swift */; };
		B6A89CBB230B8040007F5416 /* CaptureViewController.swift in Sources */ = {isa = PBXBuildFile; fileRef = B6A89CB8230B8040007F5416 /* CaptureViewController.swift */; };
		B6A8D667230ECC5C005B26A5 /* TP_floar_5x5.scn in Resources */ = {isa = PBXBuildFile; fileRef = B6A8D666230ECC5C005B26A5 /* TP_floar_5x5.scn */; };
		B6A8D669230ECC67005B26A5 /* TP_floar_5x5.png in Resources */ = {isa = PBXBuildFile; fileRef = B6A8D668230ECC66005B26A5 /* TP_floar_5x5.png */; };
		B6A8D66B230ED4F7005B26A5 /* TP_ground_5x5.scn in Resources */ = {isa = PBXBuildFile; fileRef = B6A8D66A230ED4F7005B26A5 /* TP_ground_5x5.scn */; };
		B6A8D66D230ED50B005B26A5 /* TP_ground_5x5.png in Resources */ = {isa = PBXBuildFile; fileRef = B6A8D66C230ED50B005B26A5 /* TP_ground_5x5.png */; };
		B6A8D66F230ED717005B26A5 /* TP_Ground_edge.scn in Resources */ = {isa = PBXBuildFile; fileRef = B6A8D66E230ED717005B26A5 /* TP_Ground_edge.scn */; };
		B6A8D671230ED73B005B26A5 /* TP_Ground_edge.png in Resources */ = {isa = PBXBuildFile; fileRef = B6A8D670230ED73B005B26A5 /* TP_Ground_edge.png */; };
		B6AA02A7230D6E6E00F0FF48 /* TPMainMenuItem.swift in Sources */ = {isa = PBXBuildFile; fileRef = B6AA02A6230D6E6E00F0FF48 /* TPMainMenuItem.swift */; };
		B6AA02A9230D6ED400F0FF48 /* TPMainMenu.swift in Sources */ = {isa = PBXBuildFile; fileRef = B6AA02A8230D6ED400F0FF48 /* TPMainMenu.swift */; };
		B6AA02AB230D78B800F0FF48 /* RMTimeStamp.swift in Sources */ = {isa = PBXBuildFile; fileRef = B6AA02AA230D78B800F0FF48 /* RMTimeStamp.swift */; };
		B6AA02AD230D7EBE00F0FF48 /* TPHeader.swift in Sources */ = {isa = PBXBuildFile; fileRef = B6AA02AC230D7EBE00F0FF48 /* TPHeader.swift */; };
		B6AA02B0230D834000F0FF48 /* TPHeaderSlider.swift in Sources */ = {isa = PBXBuildFile; fileRef = B6AA02AF230D834000F0FF48 /* TPHeaderSlider.swift */; };
		B6AA02B3230E11B600F0FF48 /* GKSpriteNode.swift in Sources */ = {isa = PBXBuildFile; fileRef = B6AA02B2230E11B600F0FF48 /* GKSpriteNode.swift */; };
		B6AA02B5230E125100F0FF48 /* GKShadowLabelNode.swift in Sources */ = {isa = PBXBuildFile; fileRef = B6AA02B4230E125100F0FF48 /* GKShadowLabelNode.swift */; };
		B6C5085323115E3F005D5916 /* TPBlockEditHelper.swift in Sources */ = {isa = PBXBuildFile; fileRef = B6C5085223115E3F005D5916 /* TPBlockEditHelper.swift */; };
		B6E8826123121835003F3124 /* TSLevelData.swift in Sources */ = {isa = PBXBuildFile; fileRef = B6E8826023121835003F3124 /* TSLevelData.swift */; };
		B6EDB11D230F78AE0042CA02 /* button_light.mp3 in Resources */ = {isa = PBXBuildFile; fileRef = B6EDB11C230F78AE0042CA02 /* button_light.mp3 */; };
		B6EDB11F230F79460042CA02 /* GKSoundPlayer.swift in Sources */ = {isa = PBXBuildFile; fileRef = B6EDB11E230F79460042CA02 /* GKSoundPlayer.swift */; };
		B6EDB121230F812D0042CA02 /* TPBuildSideMenu.swift in Sources */ = {isa = PBXBuildFile; fileRef = B6EDB120230F812D0042CA02 /* TPBuildSideMenu.swift */; };
		B6EDB123230F81350042CA02 /* TPBuildSideMenuItem.swift in Sources */ = {isa = PBXBuildFile; fileRef = B6EDB122230F81350042CA02 /* TPBuildSideMenuItem.swift */; };
		B6EDB125230F8B200042CA02 /* TSBlockData.swift in Sources */ = {isa = PBXBuildFile; fileRef = B6EDB124230F8B200042CA02 /* TSBlockData.swift */; };
		B6EDB128230F8C980042CA02 /* TSBlockRotation.swift in Sources */ = {isa = PBXBuildFile; fileRef = B6EDB127230F8C980042CA02 /* TSBlockRotation.swift */; };
		B6F44DCD230A3734004281E0 /* Ex+SKNode.swift in Sources */ = {isa = PBXBuildFile; fileRef = B6F44DCC230A3734004281E0 /* Ex+SKNode.swift */; };
		B6F75ECF23100DD300BD02DA /* TP_wood_wall_1x5.scn in Resources */ = {isa = PBXBuildFile; fileRef = B6F75ECE23100DD300BD02DA /* TP_wood_wall_1x5.scn */; };
/* End PBXBuildFile section */

/* Begin PBXContainerItemProxy section */
		B698F16C230FC85C00CAE917 /* PBXContainerItemProxy */ = {
			isa = PBXContainerItemProxy;
			containerPortal = B61E939723005E28008CB325 /* Project object */;
			proxyType = 1;
			remoteGlobalIDString = B61E939E23005E28008CB325;
			remoteInfo = Pielotopica;
		};
/* End PBXContainerItemProxy section */

/* Begin PBXFileReference section */
		05DBDCD7D6EB5B372F8F1C68 /* Pods-Pielotopica.release.xcconfig */ = {isa = PBXFileReference; includeInIndex = 1; lastKnownFileType = text.xcconfig; name = "Pods-Pielotopica.release.xcconfig"; path = "Target Support Files/Pods-Pielotopica/Pods-Pielotopica.release.xcconfig"; sourceTree = "<group>"; };
		1C61BDA478C66F0C795B92AE /* Pods-Pielotopica.debug.xcconfig */ = {isa = PBXFileReference; includeInIndex = 1; lastKnownFileType = text.xcconfig; name = "Pods-Pielotopica.debug.xcconfig"; path = "Target Support Files/Pods-Pielotopica/Pods-Pielotopica.debug.xcconfig"; sourceTree = "<group>"; };
		82F1EF92ABB8E7B55377BAFB /* Pods_Pielotopica.framework */ = {isa = PBXFileReference; explicitFileType = wrapper.framework; includeInIndex = 0; path = Pods_Pielotopica.framework; sourceTree = BUILT_PRODUCTS_DIR; };
		B6030EED2301A518005C4312 /* Ex+BehaviorRelay.swift */ = {isa = PBXFileReference; fileEncoding = 4; lastKnownFileType = sourcecode.swift; path = "Ex+BehaviorRelay.swift"; sourceTree = "<group>"; };
		B608C495231101060073843E /* TP_wood_wall_1x1.scn */ = {isa = PBXFileReference; lastKnownFileType = file.bplist; path = TP_wood_wall_1x1.scn; sourceTree = "<group>"; };
		B608C497231101120073843E /* wood_wall_1x1.png */ = {isa = PBXFileReference; lastKnownFileType = image.png; path = wood_wall_1x1.png; sourceTree = "<group>"; };
		B614C235230F731F00DA7093 /* TS_Wall1x5.swift */ = {isa = PBXFileReference; lastKnownFileType = sourcecode.swift; path = TS_Wall1x5.swift; sourceTree = "<group>"; };
		B61E939F23005E28008CB325 /* Pielotopica.app */ = {isa = PBXFileReference; explicitFileType = wrapper.application; includeInIndex = 0; path = Pielotopica.app; sourceTree = BUILT_PRODUCTS_DIR; };
		B61E93B023005E2C008CB325 /* Info.plist */ = {isa = PBXFileReference; lastKnownFileType = text.plist.xml; path = Info.plist; sourceTree = "<group>"; };
		B61E93B62300E356008CB325 /* TPCommon.swift */ = {isa = PBXFileReference; fileEncoding = 4; lastKnownFileType = sourcecode.swift; path = TPCommon.swift; sourceTree = "<group>"; };
		B61E93B82300E35E008CB325 /* TPStartBackgroundScene.swift */ = {isa = PBXFileReference; fileEncoding = 4; lastKnownFileType = sourcecode.swift; path = TPStartBackgroundScene.swift; sourceTree = "<group>"; };
		B61E93BA2300E361008CB325 /* GameViewController.swift */ = {isa = PBXFileReference; fileEncoding = 4; lastKnownFileType = sourcecode.swift; path = GameViewController.swift; sourceTree = "<group>"; };
		B61E93BC2300E368008CB325 /* AppDelegate.swift */ = {isa = PBXFileReference; fileEncoding = 4; lastKnownFileType = sourcecode.swift; path = AppDelegate.swift; sourceTree = "<group>"; };
		B61E93BF2300E36C008CB325 /* RMStorage.swift */ = {isa = PBXFileReference; fileEncoding = 4; lastKnownFileType = sourcecode.swift; path = RMStorage.swift; sourceTree = "<group>"; };
		B61E93C02300E36C008CB325 /* RMBindCenter.swift */ = {isa = PBXFileReference; fileEncoding = 4; lastKnownFileType = sourcecode.swift; path = RMBindCenter.swift; sourceTree = "<group>"; };
		B61E93C22300E36C008CB325 /* Ex+UIImage.swift */ = {isa = PBXFileReference; fileEncoding = 4; lastKnownFileType = sourcecode.swift; path = "Ex+UIImage.swift"; sourceTree = "<group>"; };
		B61E93C32300E36C008CB325 /* Ex+Swift.swift */ = {isa = PBXFileReference; fileEncoding = 4; lastKnownFileType = sourcecode.swift; path = "Ex+Swift.swift"; sourceTree = "<group>"; };
		B61E93C42300E36C008CB325 /* Ex+Foundation.swift */ = {isa = PBXFileReference; fileEncoding = 4; lastKnownFileType = sourcecode.swift; path = "Ex+Foundation.swift"; sourceTree = "<group>"; };
		B61E93C52300E36C008CB325 /* Ex+SKScene.swift */ = {isa = PBXFileReference; fileEncoding = 4; lastKnownFileType = sourcecode.swift; path = "Ex+SKScene.swift"; sourceTree = "<group>"; };
		B61E93C62300E36C008CB325 /* Ex+UIKit.swift */ = {isa = PBXFileReference; fileEncoding = 4; lastKnownFileType = sourcecode.swift; path = "Ex+UIKit.swift"; sourceTree = "<group>"; };
		B61E93C72300E36C008CB325 /* Ex+UIColor.swift */ = {isa = PBXFileReference; fileEncoding = 4; lastKnownFileType = sourcecode.swift; path = "Ex+UIColor.swift"; sourceTree = "<group>"; };
		B61E93C82300E36C008CB325 /* Ex+CoreGraphics.swift */ = {isa = PBXFileReference; fileEncoding = 4; lastKnownFileType = sourcecode.swift; path = "Ex+CoreGraphics.swift"; sourceTree = "<group>"; };
		B61E93C92300E36C008CB325 /* RMTapicEngine.swift */ = {isa = PBXFileReference; fileEncoding = 4; lastKnownFileType = sourcecode.swift; path = RMTapicEngine.swift; sourceTree = "<group>"; };
		B61E93D52300E376008CB325 /* Assets.xcassets */ = {isa = PBXFileReference; lastKnownFileType = folder.assetcatalog; path = Assets.xcassets; sourceTree = "<group>"; };
		B61E93D72300E376008CB325 /* Base */ = {isa = PBXFileReference; lastKnownFileType = file.storyboard; name = Base; path = Base.lproj/LaunchScreen.storyboard; sourceTree = "<group>"; };
		B61E93D92300E376008CB325 /* Base */ = {isa = PBXFileReference; lastKnownFileType = file.storyboard; name = Base; path = Base.lproj/Main.storyboard; sourceTree = "<group>"; };
		B61E93DB2300E376008CB325 /* Silom.ttf */ = {isa = PBXFileReference; lastKnownFileType = file; path = Silom.ttf; sourceTree = "<group>"; };
		B61E93DC2300E376008CB325 /* Korneuburg-Slab-Bold_Slanted.ttf */ = {isa = PBXFileReference; lastKnownFileType = file; path = "Korneuburg-Slab-Bold_Slanted.ttf"; sourceTree = "<group>"; };
		B61E93DD2300E376008CB325 /* Korneuburg-Slab-Light-Slanted.ttf */ = {isa = PBXFileReference; lastKnownFileType = file; path = "Korneuburg-Slab-Light-Slanted.ttf"; sourceTree = "<group>"; };
		B61E93DE2300E376008CB325 /* Korneuburg-Slab-Light.ttf */ = {isa = PBXFileReference; lastKnownFileType = file; path = "Korneuburg-Slab-Light.ttf"; sourceTree = "<group>"; };
		B61E93DF2300E376008CB325 /* Korneuburg-Slab-Regular-Slanted.ttf */ = {isa = PBXFileReference; lastKnownFileType = file; path = "Korneuburg-Slab-Regular-Slanted.ttf"; sourceTree = "<group>"; };
		B61E93E02300E376008CB325 /* Korneuburg-Slab-Regular.ttf */ = {isa = PBXFileReference; lastKnownFileType = file; path = "Korneuburg-Slab-Regular.ttf"; sourceTree = "<group>"; };
		B61E93E12300E376008CB325 /* Korneuburg-Slab-Bold.ttf */ = {isa = PBXFileReference; lastKnownFileType = file; path = "Korneuburg-Slab-Bold.ttf"; sourceTree = "<group>"; };
		B61E93ED2300E38A008CB325 /* GKSceneHolder.swift */ = {isa = PBXFileReference; fileEncoding = 4; lastKnownFileType = sourcecode.swift; path = GKSceneHolder.swift; sourceTree = "<group>"; };
		B61E93EE2300E38A008CB325 /* GKGameViewController.swift */ = {isa = PBXFileReference; fileEncoding = 4; lastKnownFileType = sourcecode.swift; path = GKGameViewController.swift; sourceTree = "<group>"; };
		B61E93EF2300E38A008CB325 /* GKActionTimingMode.swift */ = {isa = PBXFileReference; fileEncoding = 4; lastKnownFileType = sourcecode.swift; path = GKActionTimingMode.swift; sourceTree = "<group>"; };
		B61E93F12300E38A008CB325 /* Ex+SKAction.swift */ = {isa = PBXFileReference; fileEncoding = 4; lastKnownFileType = sourcecode.swift; path = "Ex+SKAction.swift"; sourceTree = "<group>"; };
		B61E93F22300E38A008CB325 /* GKSafeScene.swift */ = {isa = PBXFileReference; fileEncoding = 4; lastKnownFileType = sourcecode.swift; path = GKSafeScene.swift; sourceTree = "<group>"; };
		B61E93F32300E38A008CB325 /* GKButtonNode.swift */ = {isa = PBXFileReference; fileEncoding = 4; lastKnownFileType = sourcecode.swift; path = GKButtonNode.swift; sourceTree = "<group>"; };
		B61E93FB2300E390008CB325 /* TPStartScene.swift */ = {isa = PBXFileReference; fileEncoding = 4; lastKnownFileType = sourcecode.swift; path = TPStartScene.swift; sourceTree = "<group>"; };
		B61E93FD2300E390008CB325 /* _TPStartSceneTabItem.swift */ = {isa = PBXFileReference; fileEncoding = 4; lastKnownFileType = sourcecode.swift; path = _TPStartSceneTabItem.swift; sourceTree = "<group>"; };
		B61E93FE2300E390008CB325 /* _TPStartSceneLogo.swift */ = {isa = PBXFileReference; fileEncoding = 4; lastKnownFileType = sourcecode.swift; path = _TPStartSceneLogo.swift; sourceTree = "<group>"; };
		B61E93FF2300E390008CB325 /* _TPStartSceneEdgeBar.swift */ = {isa = PBXFileReference; fileEncoding = 4; lastKnownFileType = sourcecode.swift; path = _TPStartSceneEdgeBar.swift; sourceTree = "<group>"; };
		B61E94002300E390008CB325 /* _TPStartSceneActionIndicator.swift */ = {isa = PBXFileReference; fileEncoding = 4; lastKnownFileType = sourcecode.swift; path = _TPStartSceneActionIndicator.swift; sourceTree = "<group>"; };
		B61E94012300E390008CB325 /* _TPStartScenePatterns.swift */ = {isa = PBXFileReference; fileEncoding = 4; lastKnownFileType = sourcecode.swift; path = _TPStartScenePatterns.swift; sourceTree = "<group>"; };
		B61E94022300E390008CB325 /* _TPStartSceneOverray.swift */ = {isa = PBXFileReference; fileEncoding = 4; lastKnownFileType = sourcecode.swift; path = _TPStartSceneOverray.swift; sourceTree = "<group>"; };
		B61E94032300E390008CB325 /* _TPStartScenePlayButton.swift */ = {isa = PBXFileReference; fileEncoding = 4; lastKnownFileType = sourcecode.swift; path = _TPStartScenePlayButton.swift; sourceTree = "<group>"; };
		B61E94042300E390008CB325 /* _TPStartSceneRing.swift */ = {isa = PBXFileReference; fileEncoding = 4; lastKnownFileType = sourcecode.swift; path = _TPStartSceneRing.swift; sourceTree = "<group>"; };
		B61E94062300E390008CB325 /* TPStartSceneBackgroundParticle.sks */ = {isa = PBXFileReference; lastKnownFileType = file.sks; path = TPStartSceneBackgroundParticle.sks; sourceTree = "<group>"; };
		B61E94072300E390008CB325 /* Assets.xcassets */ = {isa = PBXFileReference; lastKnownFileType = folder.assetcatalog; path = Assets.xcassets; sourceTree = "<group>"; };
		B61E94142300E394008CB325 /* TPSandBoxScene.swift */ = {isa = PBXFileReference; fileEncoding = 4; lastKnownFileType = sourcecode.swift; path = TPSandBoxScene.swift; sourceTree = "<group>"; };
		B61E94192300FEFA008CB325 /* GK3DSceneController.swift */ = {isa = PBXFileReference; lastKnownFileType = sourcecode.swift; path = GK3DSceneController.swift; sourceTree = "<group>"; };
		B62279BC2301A7A7009EF60F /* TPDebug.swift */ = {isa = PBXFileReference; lastKnownFileType = sourcecode.swift; path = TPDebug.swift; sourceTree = "<group>"; };
		B6227A0D2301AB83009EF60F /* TSVector3.swift */ = {isa = PBXFileReference; fileEncoding = 4; lastKnownFileType = sourcecode.swift; path = TSVector3.swift; sourceTree = "<group>"; };
		B6227A0E2301AB83009EF60F /* TSVector2.swift */ = {isa = PBXFileReference; fileEncoding = 4; lastKnownFileType = sourcecode.swift; path = TSVector2.swift; sourceTree = "<group>"; };
		B6227A0F2301AB83009EF60F /* TSPlayer.swift */ = {isa = PBXFileReference; fileEncoding = 4; lastKnownFileType = sourcecode.swift; path = TSPlayer.swift; sourceTree = "<group>"; };
		B6227A112301AB83009EF60F /* bokeh.png */ = {isa = PBXFileReference; lastKnownFileType = image.png; path = bokeh.png; sourceTree = "<group>"; };
		B6227A122301AB83009EF60F /* TSBlockAnimator.swift */ = {isa = PBXFileReference; fileEncoding = 4; lastKnownFileType = sourcecode.swift; path = TSBlockAnimator.swift; sourceTree = "<group>"; };
		B6227A132301AB83009EF60F /* TSBlockPlaceAnimation.scnp */ = {isa = PBXFileReference; lastKnownFileType = file.scp; path = TSBlockPlaceAnimation.scnp; sourceTree = "<group>"; };
		B6227A152301AB83009EF60F /* TSInventry.swift */ = {isa = PBXFileReference; fileEncoding = 4; lastKnownFileType = sourcecode.swift; path = TSInventry.swift; sourceTree = "<group>"; };
		B6227A162301AB83009EF60F /* TSBlockItem.swift */ = {isa = PBXFileReference; fileEncoding = 4; lastKnownFileType = sourcecode.swift; path = TSBlockItem.swift; sourceTree = "<group>"; };
		B6227A172301AB83009EF60F /* TSItem.swift */ = {isa = PBXFileReference; fileEncoding = 4; lastKnownFileType = sourcecode.swift; path = TSItem.swift; sourceTree = "<group>"; };
		B6227A182301AB83009EF60F /* TSBlock.swift */ = {isa = PBXFileReference; fileEncoding = 4; lastKnownFileType = sourcecode.swift; path = TSBlock.swift; sourceTree = "<group>"; };
		B6227A192301AB83009EF60F /* TSItemBarInventory.swift */ = {isa = PBXFileReference; fileEncoding = 4; lastKnownFileType = sourcecode.swift; path = TSItemBarInventory.swift; sourceTree = "<group>"; };
		B6227A1A2301AB83009EF60F /* TSItemStack.swift */ = {isa = PBXFileReference; fileEncoding = 4; lastKnownFileType = sourcecode.swift; path = TSItemStack.swift; sourceTree = "<group>"; };
		B6227A1C2301AB83009EF60F /* TSLevel.swift */ = {isa = PBXFileReference; fileEncoding = 4; lastKnownFileType = sourcecode.swift; path = TSLevel.swift; sourceTree = "<group>"; };
		B6227A202301AB83009EF60F /* TSNodeGenerator.swift */ = {isa = PBXFileReference; fileEncoding = 4; lastKnownFileType = sourcecode.swift; path = TSNodeGenerator.swift; sourceTree = "<group>"; };
		B6227A272301AB84009EF60F /* Ex+TSVector3.swift */ = {isa = PBXFileReference; fileEncoding = 4; lastKnownFileType = sourcecode.swift; path = "Ex+TSVector3.swift"; sourceTree = "<group>"; };
		B6227A282301AB84009EF60F /* Ex+TSVector2.swift */ = {isa = PBXFileReference; fileEncoding = 4; lastKnownFileType = sourcecode.swift; path = "Ex+TSVector2.swift"; sourceTree = "<group>"; };
		B6227A4B2301AE37009EF60F /* Impl+Block.swift */ = {isa = PBXFileReference; fileEncoding = 4; lastKnownFileType = sourcecode.swift; path = "Impl+Block.swift"; sourceTree = "<group>"; };
		B6227A582301B13B009EF60F /* Ex+SCNVector3.swift */ = {isa = PBXFileReference; fileEncoding = 4; lastKnownFileType = sourcecode.swift; path = "Ex+SCNVector3.swift"; sourceTree = "<group>"; };
		B6227A592301B13B009EF60F /* Ex+SCNNode.swift */ = {isa = PBXFileReference; fileEncoding = 4; lastKnownFileType = sourcecode.swift; path = "Ex+SCNNode.swift"; sourceTree = "<group>"; };
		B6227A5A2301B13C009EF60F /* Ex+SCNMatrix4.swift */ = {isa = PBXFileReference; fileEncoding = 4; lastKnownFileType = sourcecode.swift; path = "Ex+SCNMatrix4.swift"; sourceTree = "<group>"; };
		B6227A5B2301B13C009EF60F /* Ex+SCNAction.swift */ = {isa = PBXFileReference; fileEncoding = 4; lastKnownFileType = sourcecode.swift; path = "Ex+SCNAction.swift"; sourceTree = "<group>"; };
		B6227A6123023732009EF60F /* TS_JapaneseHouse2.swift */ = {isa = PBXFileReference; fileEncoding = 4; lastKnownFileType = sourcecode.swift; path = TS_JapaneseHouse2.swift; sourceTree = "<group>"; };
		B6227A6223023732009EF60F /* TS_Floar.swift */ = {isa = PBXFileReference; fileEncoding = 4; lastKnownFileType = sourcecode.swift; path = TS_Floar.swift; sourceTree = "<group>"; };
		B6227A6523023912009EF60F /* 5squared-pixel.ttf */ = {isa = PBXFileReference; lastKnownFileType = file; path = "5squared-pixel.ttf"; sourceTree = "<group>"; };
		B6227A692302391A009EF60F /* TP_japanese_house_1.scn */ = {isa = PBXFileReference; lastKnownFileType = file.bplist; path = TP_japanese_house_1.scn; sourceTree = "<group>"; };
		B6227A6A2302391A009EF60F /* TP_japanese_house_2.scn */ = {isa = PBXFileReference; lastKnownFileType = file.bplist; path = TP_japanese_house_2.scn; sourceTree = "<group>"; };
		B6227A70230239DB009EF60F /* Impl+Item.swift */ = {isa = PBXFileReference; lastKnownFileType = sourcecode.swift; path = "Impl+Item.swift"; sourceTree = "<group>"; };
		B62521A0231166AA00D0ADD6 /* TPBlockMoveHelper.swift */ = {isa = PBXFileReference; lastKnownFileType = sourcecode.swift; path = TPBlockMoveHelper.swift; sourceTree = "<group>"; };
		B634BB09230C03B800A896A8 /* recognition_object_item_map.json */ = {isa = PBXFileReference; lastKnownFileType = text.json; path = recognition_object_item_map.json; sourceTree = "<group>"; };
		B63FD47223019E480020EEC1 /* README.md */ = {isa = PBXFileReference; lastKnownFileType = net.daringfireball.markdown; path = README.md; sourceTree = "<group>"; };
		B651231323114DFF003129B5 /* TS_Air.swift */ = {isa = PBXFileReference; lastKnownFileType = sourcecode.swift; path = TS_Air.swift; sourceTree = "<group>"; };
		B654AB80230F6AA300819C55 /* TP_wood_wall_1x5.png */ = {isa = PBXFileReference; lastKnownFileType = image.png; path = TP_wood_wall_1x5.png; sourceTree = "<group>"; };
		B65CDA2D2310173C00FD6375 /* TP_build_place.mp3 */ = {isa = PBXFileReference; lastKnownFileType = audio.mp3; path = TP_build_place.mp3; sourceTree = "<group>"; };
		B6604D6A231023BF0077C76A /* Pielotopica.entitlements */ = {isa = PBXFileReference; lastKnownFileType = text.plist.entitlements; path = Pielotopica.entitlements; sourceTree = "<group>"; };
		B667BA50230B776C0038B098 /* RKRectAdjuster.swift */ = {isa = PBXFileReference; fileEncoding = 4; lastKnownFileType = sourcecode.swift; path = RKRectAdjuster.swift; sourceTree = "<group>"; };
		B667BA51230B776C0038B098 /* RKImageResizer.swift */ = {isa = PBXFileReference; fileEncoding = 4; lastKnownFileType = sourcecode.swift; path = RKImageResizer.swift; sourceTree = "<group>"; };
		B667BA52230B776C0038B098 /* RKObjectNameMapper.swift */ = {isa = PBXFileReference; fileEncoding = 4; lastKnownFileType = sourcecode.swift; path = RKObjectNameMapper.swift; sourceTree = "<group>"; };
		B667BA54230B776C0038B098 /* YOLO+Helpers.swift */ = {isa = PBXFileReference; fileEncoding = 4; lastKnownFileType = sourcecode.swift; path = "YOLO+Helpers.swift"; sourceTree = "<group>"; };
		B667BA55230B776C0038B098 /* Ex+CVPixelBuffer.swift */ = {isa = PBXFileReference; fileEncoding = 4; lastKnownFileType = sourcecode.swift; path = "Ex+CVPixelBuffer.swift"; sourceTree = "<group>"; };
		B667BA56230B776C0038B098 /* YOLOv3.mlmodel */ = {isa = PBXFileReference; lastKnownFileType = file.mlmodel; path = YOLOv3.mlmodel; sourceTree = "<group>"; };
		B667BA57230B776C0038B098 /* YOLO.swift */ = {isa = PBXFileReference; fileEncoding = 4; lastKnownFileType = sourcecode.swift; path = YOLO.swift; sourceTree = "<group>"; };
		B667BA58230B776C0038B098 /* RKObjectDetector.swift */ = {isa = PBXFileReference; fileEncoding = 4; lastKnownFileType = sourcecode.swift; path = RKObjectDetector.swift; sourceTree = "<group>"; };
		B6690596230E245E008AE24F /* TPBuildItemBar.swift */ = {isa = PBXFileReference; lastKnownFileType = sourcecode.swift; path = TPBuildItemBar.swift; sourceTree = "<group>"; };
		B6690598230E2861008AE24F /* TPDropButton.swift */ = {isa = PBXFileReference; lastKnownFileType = sourcecode.swift; path = TPDropButton.swift; sourceTree = "<group>"; };
		B66D41CA230BD218004BBE8E /* RouterViewController.swift */ = {isa = PBXFileReference; lastKnownFileType = sourcecode.swift; path = RouterViewController.swift; sourceTree = "<group>"; };
		B67A965B23094AEF00BD408D /* TPSandboxSceneController.swift */ = {isa = PBXFileReference; lastKnownFileType = sourcecode.swift; path = TPSandboxSceneController.swift; sourceTree = "<group>"; };
		B67A965E23094E4000BD408D /* TPBlockPlaceHelper.swift */ = {isa = PBXFileReference; fileEncoding = 4; lastKnownFileType = sourcecode.swift; path = TPBlockPlaceHelper.swift; sourceTree = "<group>"; };
		B67A965F23094E4000BD408D /* TPCameraGestureHelper.swift */ = {isa = PBXFileReference; fileEncoding = 4; lastKnownFileType = sourcecode.swift; path = TPCameraGestureHelper.swift; sourceTree = "<group>"; };
		B67A966223094E6300BD408D /* TPSandboxSceneModel.swift */ = {isa = PBXFileReference; fileEncoding = 4; lastKnownFileType = sourcecode.swift; path = TPSandboxSceneModel.swift; sourceTree = "<group>"; };
		B68AA6E6230D4FA000E752D9 /* ヒラギノ角ゴシック W0.ttc */ = {isa = PBXFileReference; lastKnownFileType = file; path = "ヒラギノ角ゴシック W0.ttc"; sourceTree = "<group>"; };
		B68AA6E7230D4FA100E752D9 /* ヒラギノ角ゴシック W6.ttc */ = {isa = PBXFileReference; lastKnownFileType = file; path = "ヒラギノ角ゴシック W6.ttc"; sourceTree = "<group>"; };
		B68AA6E8230D4FA200E752D9 /* ヒラギノ角ゴシック W8.ttc */ = {isa = PBXFileReference; lastKnownFileType = file; path = "ヒラギノ角ゴシック W8.ttc"; sourceTree = "<group>"; };
		B68AA6E9230D4FA300E752D9 /* ヒラギノ角ゴシック W3.ttc */ = {isa = PBXFileReference; lastKnownFileType = file; path = "ヒラギノ角ゴシック W3.ttc"; sourceTree = "<group>"; };
		B68AA6EA230D4FA400E752D9 /* ヒラギノ角ゴシック W9.ttc */ = {isa = PBXFileReference; lastKnownFileType = file; path = "ヒラギノ角ゴシック W9.ttc"; sourceTree = "<group>"; };
		B68AA6EB230D4FA500E752D9 /* ヒラギノ角ゴシック W5.ttc */ = {isa = PBXFileReference; lastKnownFileType = file; path = "ヒラギノ角ゴシック W5.ttc"; sourceTree = "<group>"; };
		B68AA6EC230D4FA600E752D9 /* ヒラギノ角ゴシック W7.ttc */ = {isa = PBXFileReference; lastKnownFileType = file; path = "ヒラギノ角ゴシック W7.ttc"; sourceTree = "<group>"; };
		B68AA6ED230D4FA700E752D9 /* ヒラギノ角ゴシック W2.ttc */ = {isa = PBXFileReference; lastKnownFileType = file; path = "ヒラギノ角ゴシック W2.ttc"; sourceTree = "<group>"; };
		B68AA6EE230D4FA800E752D9 /* ヒラギノ角ゴシック W1.ttc */ = {isa = PBXFileReference; lastKnownFileType = file; path = "ヒラギノ角ゴシック W1.ttc"; sourceTree = "<group>"; };
		B68AA6EF230D4FA900E752D9 /* ヒラギノ角ゴシック W4.ttc */ = {isa = PBXFileReference; lastKnownFileType = file; path = "ヒラギノ角ゴシック W4.ttc"; sourceTree = "<group>"; };
		B6931445230E8EFB00C1B4D7 /* TPBuildItemBarItem.swift */ = {isa = PBXFileReference; lastKnownFileType = sourcecode.swift; path = TPBuildItemBarItem.swift; sourceTree = "<group>"; };
		B6931447230E992000C1B4D7 /* TPSandBoxSceneUIModel.swift */ = {isa = PBXFileReference; lastKnownFileType = sourcecode.swift; path = TPSandBoxSceneUIModel.swift; sourceTree = "<group>"; };
		B698F167230FC85C00CAE917 /* PielotopicaTests.xctest */ = {isa = PBXFileReference; explicitFileType = wrapper.cfbundle; includeInIndex = 0; path = PielotopicaTests.xctest; sourceTree = BUILT_PRODUCTS_DIR; };
		B698F169230FC85C00CAE917 /* PielotopicaTests.swift */ = {isa = PBXFileReference; lastKnownFileType = sourcecode.swift; path = PielotopicaTests.swift; sourceTree = "<group>"; };
		B698F16B230FC85C00CAE917 /* Info.plist */ = {isa = PBXFileReference; lastKnownFileType = text.plist.xml; path = Info.plist; sourceTree = "<group>"; };
		B69CE2F4230E2A5E00CE04E6 /* TPFlatButton.swift */ = {isa = PBXFileReference; lastKnownFileType = sourcecode.swift; path = TPFlatButton.swift; sourceTree = "<group>"; };
		B69CE2F6230E6CE600CE04E6 /* Ex+UIStoryboard.swift */ = {isa = PBXFileReference; lastKnownFileType = sourcecode.swift; path = "Ex+UIStoryboard.swift"; sourceTree = "<group>"; };
		B6A89CB6230B803F007F5416 /* BoundingBox.swift */ = {isa = PBXFileReference; fileEncoding = 4; lastKnownFileType = sourcecode.swift; path = BoundingBox.swift; sourceTree = "<group>"; };
		B6A89CB7230B8040007F5416 /* RKVideoCapture.swift */ = {isa = PBXFileReference; fileEncoding = 4; lastKnownFileType = sourcecode.swift; path = RKVideoCapture.swift; sourceTree = "<group>"; };
		B6A89CB8230B8040007F5416 /* CaptureViewController.swift */ = {isa = PBXFileReference; fileEncoding = 4; lastKnownFileType = sourcecode.swift; path = CaptureViewController.swift; sourceTree = "<group>"; };
		B6A8D666230ECC5C005B26A5 /* TP_floar_5x5.scn */ = {isa = PBXFileReference; lastKnownFileType = file.bplist; path = TP_floar_5x5.scn; sourceTree = "<group>"; };
		B6A8D668230ECC66005B26A5 /* TP_floar_5x5.png */ = {isa = PBXFileReference; lastKnownFileType = image.png; path = TP_floar_5x5.png; sourceTree = "<group>"; };
		B6A8D66A230ED4F7005B26A5 /* TP_ground_5x5.scn */ = {isa = PBXFileReference; lastKnownFileType = file.bplist; path = TP_ground_5x5.scn; sourceTree = "<group>"; };
		B6A8D66C230ED50B005B26A5 /* TP_ground_5x5.png */ = {isa = PBXFileReference; lastKnownFileType = image.png; path = TP_ground_5x5.png; sourceTree = "<group>"; };
		B6A8D66E230ED717005B26A5 /* TP_Ground_edge.scn */ = {isa = PBXFileReference; lastKnownFileType = file.bplist; path = TP_Ground_edge.scn; sourceTree = "<group>"; };
		B6A8D670230ED73B005B26A5 /* TP_Ground_edge.png */ = {isa = PBXFileReference; lastKnownFileType = image.png; path = TP_Ground_edge.png; sourceTree = "<group>"; };
		B6AA02A4230D66EB00F0FF48 /* README.md */ = {isa = PBXFileReference; lastKnownFileType = net.daringfireball.markdown; path = README.md; sourceTree = "<group>"; };
		B6AA02A6230D6E6E00F0FF48 /* TPMainMenuItem.swift */ = {isa = PBXFileReference; lastKnownFileType = sourcecode.swift; path = TPMainMenuItem.swift; sourceTree = "<group>"; };
		B6AA02A8230D6ED400F0FF48 /* TPMainMenu.swift */ = {isa = PBXFileReference; lastKnownFileType = sourcecode.swift; path = TPMainMenu.swift; sourceTree = "<group>"; };
		B6AA02AA230D78B800F0FF48 /* RMTimeStamp.swift */ = {isa = PBXFileReference; lastKnownFileType = sourcecode.swift; path = RMTimeStamp.swift; sourceTree = "<group>"; };
		B6AA02AC230D7EBE00F0FF48 /* TPHeader.swift */ = {isa = PBXFileReference; lastKnownFileType = sourcecode.swift; path = TPHeader.swift; sourceTree = "<group>"; };
		B6AA02AF230D834000F0FF48 /* TPHeaderSlider.swift */ = {isa = PBXFileReference; lastKnownFileType = sourcecode.swift; path = TPHeaderSlider.swift; sourceTree = "<group>"; };
		B6AA02B2230E11B600F0FF48 /* GKSpriteNode.swift */ = {isa = PBXFileReference; lastKnownFileType = sourcecode.swift; path = GKSpriteNode.swift; sourceTree = "<group>"; };
		B6AA02B4230E125100F0FF48 /* GKShadowLabelNode.swift */ = {isa = PBXFileReference; lastKnownFileType = sourcecode.swift; path = GKShadowLabelNode.swift; sourceTree = "<group>"; };
		B6C5085223115E3F005D5916 /* TPBlockEditHelper.swift */ = {isa = PBXFileReference; lastKnownFileType = sourcecode.swift; path = TPBlockEditHelper.swift; sourceTree = "<group>"; };
		B6E8826023121835003F3124 /* TSLevelData.swift */ = {isa = PBXFileReference; lastKnownFileType = sourcecode.swift; path = TSLevelData.swift; sourceTree = "<group>"; };
		B6EDB11C230F78AE0042CA02 /* button_light.mp3 */ = {isa = PBXFileReference; lastKnownFileType = audio.mp3; path = button_light.mp3; sourceTree = "<group>"; };
		B6EDB11E230F79460042CA02 /* GKSoundPlayer.swift */ = {isa = PBXFileReference; lastKnownFileType = sourcecode.swift; path = GKSoundPlayer.swift; sourceTree = "<group>"; };
		B6EDB120230F812D0042CA02 /* TPBuildSideMenu.swift */ = {isa = PBXFileReference; lastKnownFileType = sourcecode.swift; path = TPBuildSideMenu.swift; sourceTree = "<group>"; };
		B6EDB122230F81350042CA02 /* TPBuildSideMenuItem.swift */ = {isa = PBXFileReference; lastKnownFileType = sourcecode.swift; path = TPBuildSideMenuItem.swift; sourceTree = "<group>"; };
		B6EDB124230F8B200042CA02 /* TSBlockData.swift */ = {isa = PBXFileReference; lastKnownFileType = sourcecode.swift; path = TSBlockData.swift; sourceTree = "<group>"; };
		B6EDB127230F8C980042CA02 /* TSBlockRotation.swift */ = {isa = PBXFileReference; lastKnownFileType = sourcecode.swift; path = TSBlockRotation.swift; sourceTree = "<group>"; };
		B6F44DCC230A3734004281E0 /* Ex+SKNode.swift */ = {isa = PBXFileReference; lastKnownFileType = sourcecode.swift; path = "Ex+SKNode.swift"; sourceTree = "<group>"; };
		B6F75ECE23100DD300BD02DA /* TP_wood_wall_1x5.scn */ = {isa = PBXFileReference; lastKnownFileType = file.bplist; path = TP_wood_wall_1x5.scn; sourceTree = "<group>"; };
/* End PBXFileReference section */

/* Begin PBXFrameworksBuildPhase section */
		B61E939C23005E28008CB325 /* Frameworks */ = {
			isa = PBXFrameworksBuildPhase;
			buildActionMask = 2147483647;
			files = (
				458B447EA9D788ED15D0E224 /* Pods_Pielotopica.framework in Frameworks */,
			);
			runOnlyForDeploymentPostprocessing = 0;
		};
		B698F164230FC85C00CAE917 /* Frameworks */ = {
			isa = PBXFrameworksBuildPhase;
			buildActionMask = 2147483647;
			files = (
			);
			runOnlyForDeploymentPostprocessing = 0;
		};
/* End PBXFrameworksBuildPhase section */

/* Begin PBXGroup section */
		6DC2E650B647248AB0BA94C5 /* Pods */ = {
			isa = PBXGroup;
			children = (
				1C61BDA478C66F0C795B92AE /* Pods-Pielotopica.debug.xcconfig */,
				05DBDCD7D6EB5B372F8F1C68 /* Pods-Pielotopica.release.xcconfig */,
			);
			path = Pods;
			sourceTree = "<group>";
		};
		B6030EE92301A4D4005C4312 /* Libs */ = {
			isa = PBXGroup;
			children = (
				B667BA4F230B776C0038B098 /* RecognitionKit */,
				B6030EEF2301A523005C4312 /* AppExtensions */,
				B61E93EC2300E38A008CB325 /* GameKit */,
				B61E93BE2300E36C008CB325 /* RMKit */,
			);
			path = Libs;
			sourceTree = "<group>";
		};
		B6030EEF2301A523005C4312 /* AppExtensions */ = {
			isa = PBXGroup;
			children = (
				B6030EED2301A518005C4312 /* Ex+BehaviorRelay.swift */,
				B69CE2F6230E6CE600CE04E6 /* Ex+UIStoryboard.swift */,
			);
			path = AppExtensions;
			sourceTree = "<group>";
		};
		B61E939623005E28008CB325 = {
			isa = PBXGroup;
			children = (
				B61E93A123005E28008CB325 /* Pielotopica */,
				B698F168230FC85C00CAE917 /* PielotopicaTests */,
				B61E93A023005E28008CB325 /* Products */,
				6DC2E650B647248AB0BA94C5 /* Pods */,
				C5EEAD015C040741A850ECDC /* Frameworks */,
			);
			sourceTree = "<group>";
		};
		B61E93A023005E28008CB325 /* Products */ = {
			isa = PBXGroup;
			children = (
				B61E939F23005E28008CB325 /* Pielotopica.app */,
				B698F167230FC85C00CAE917 /* PielotopicaTests.xctest */,
			);
			name = Products;
			sourceTree = "<group>";
		};
		B61E93A123005E28008CB325 /* Pielotopica */ = {
			isa = PBXGroup;
			children = (
				B6604D6A231023BF0077C76A /* Pielotopica.entitlements */,
				B61E93BC2300E368008CB325 /* AppDelegate.swift */,
				B6AA02AE230D803F00F0FF48 /* View */,
				B6030EE92301A4D4005C4312 /* Libs */,
				B6227A4F2301AE8D009EF60F /* SandBox */,
				B6227A6F23023983009EF60F /* Scenes */,
				B61E93B62300E356008CB325 /* TPCommon.swift */,
				B62279BC2301A7A7009EF60F /* TPDebug.swift */,
				B61E93B023005E2C008CB325 /* Info.plist */,
				B61E93D42300E376008CB325 /* Resources */,
			);
			path = Pielotopica;
			sourceTree = "<group>";
		};
		B61E93BE2300E36C008CB325 /* RMKit */ = {
			isa = PBXGroup;
			children = (
				B61E93C92300E36C008CB325 /* RMTapicEngine.swift */,
				B61E93BF2300E36C008CB325 /* RMStorage.swift */,
				B61E93C02300E36C008CB325 /* RMBindCenter.swift */,
				B6AA02AA230D78B800F0FF48 /* RMTimeStamp.swift */,
				B61E93C12300E36C008CB325 /* extensions */,
			);
			path = RMKit;
			sourceTree = "<group>";
		};
		B61E93C12300E36C008CB325 /* extensions */ = {
			isa = PBXGroup;
			children = (
				B61E93C32300E36C008CB325 /* Ex+Swift.swift */,
				B61E93C42300E36C008CB325 /* Ex+Foundation.swift */,
				B61E93C62300E36C008CB325 /* Ex+UIKit.swift */,
				B61E93C22300E36C008CB325 /* Ex+UIImage.swift */,
				B61E93C72300E36C008CB325 /* Ex+UIColor.swift */,
				B61E93C82300E36C008CB325 /* Ex+CoreGraphics.swift */,
			);
			path = extensions;
			sourceTree = "<group>";
		};
		B61E93D42300E376008CB325 /* Resources */ = {
			isa = PBXGroup;
			children = (
				B667BA56230B776C0038B098 /* YOLOv3.mlmodel */,
				B61E93D52300E376008CB325 /* Assets.xcassets */,
				B61E93D62300E376008CB325 /* LaunchScreen.storyboard */,
				B61E93D82300E376008CB325 /* Main.storyboard */,
				B6EDB11B230F78A40042CA02 /* Sound */,
				B6227A662302391A009EF60F /* Object */,
				B61E93DA2300E376008CB325 /* Fonts */,
				B634BB09230C03B800A896A8 /* recognition_object_item_map.json */,
			);
			path = Resources;
			sourceTree = "<group>";
		};
		B61E93DA2300E376008CB325 /* Fonts */ = {
			isa = PBXGroup;
			children = (
				B68AA6E6230D4FA000E752D9 /* ヒラギノ角ゴシック W0.ttc */,
				B68AA6EE230D4FA800E752D9 /* ヒラギノ角ゴシック W1.ttc */,
				B68AA6ED230D4FA700E752D9 /* ヒラギノ角ゴシック W2.ttc */,
				B68AA6E9230D4FA300E752D9 /* ヒラギノ角ゴシック W3.ttc */,
				B68AA6EF230D4FA900E752D9 /* ヒラギノ角ゴシック W4.ttc */,
				B68AA6EB230D4FA500E752D9 /* ヒラギノ角ゴシック W5.ttc */,
				B68AA6E7230D4FA100E752D9 /* ヒラギノ角ゴシック W6.ttc */,
				B68AA6EC230D4FA600E752D9 /* ヒラギノ角ゴシック W7.ttc */,
				B68AA6E8230D4FA200E752D9 /* ヒラギノ角ゴシック W8.ttc */,
				B68AA6EA230D4FA400E752D9 /* ヒラギノ角ゴシック W9.ttc */,
				B6227A6523023912009EF60F /* 5squared-pixel.ttf */,
				B61E93DB2300E376008CB325 /* Silom.ttf */,
				B61E93DC2300E376008CB325 /* Korneuburg-Slab-Bold_Slanted.ttf */,
				B61E93DD2300E376008CB325 /* Korneuburg-Slab-Light-Slanted.ttf */,
				B61E93DE2300E376008CB325 /* Korneuburg-Slab-Light.ttf */,
				B61E93DF2300E376008CB325 /* Korneuburg-Slab-Regular-Slanted.ttf */,
				B61E93E02300E376008CB325 /* Korneuburg-Slab-Regular.ttf */,
				B61E93E12300E376008CB325 /* Korneuburg-Slab-Bold.ttf */,
			);
			path = Fonts;
			sourceTree = "<group>";
		};
		B61E93EC2300E38A008CB325 /* GameKit */ = {
			isa = PBXGroup;
			children = (
				B63FD47223019E480020EEC1 /* README.md */,
				B61E93EE2300E38A008CB325 /* GKGameViewController.swift */,
				B61E93ED2300E38A008CB325 /* GKSceneHolder.swift */,
				B61E93F22300E38A008CB325 /* GKSafeScene.swift */,
				B61E94192300FEFA008CB325 /* GK3DSceneController.swift */,
				B61E93EF2300E38A008CB325 /* GKActionTimingMode.swift */,
				B6EDB11E230F79460042CA02 /* GKSoundPlayer.swift */,
				B6AA02B1230E119A00F0FF48 /* Node */,
				B61E93F02300E38A008CB325 /* Extensions */,
			);
			path = GameKit;
			sourceTree = "<group>";
		};
		B61E93F02300E38A008CB325 /* Extensions */ = {
			isa = PBXGroup;
			children = (
				B61E93C52300E36C008CB325 /* Ex+SKScene.swift */,
				B61E93F12300E38A008CB325 /* Ex+SKAction.swift */,
				B6227A5B2301B13C009EF60F /* Ex+SCNAction.swift */,
				B6227A5A2301B13C009EF60F /* Ex+SCNMatrix4.swift */,
				B6227A592301B13B009EF60F /* Ex+SCNNode.swift */,
				B6227A582301B13B009EF60F /* Ex+SCNVector3.swift */,
				B6F44DCC230A3734004281E0 /* Ex+SKNode.swift */,
			);
			path = Extensions;
			sourceTree = "<group>";
		};
		B61E93FA2300E390008CB325 /* StartScene */ = {
			isa = PBXGroup;
			children = (
				B61E93FB2300E390008CB325 /* TPStartScene.swift */,
				B61E93B82300E35E008CB325 /* TPStartBackgroundScene.swift */,
				B61E93FC2300E390008CB325 /* Components */,
				B61E94052300E390008CB325 /* Particle */,
			);
			path = StartScene;
			sourceTree = "<group>";
		};
		B61E93FC2300E390008CB325 /* Components */ = {
			isa = PBXGroup;
			children = (
				B61E93FD2300E390008CB325 /* _TPStartSceneTabItem.swift */,
				B61E93FE2300E390008CB325 /* _TPStartSceneLogo.swift */,
				B61E93FF2300E390008CB325 /* _TPStartSceneEdgeBar.swift */,
				B61E94002300E390008CB325 /* _TPStartSceneActionIndicator.swift */,
				B61E94012300E390008CB325 /* _TPStartScenePatterns.swift */,
				B61E94022300E390008CB325 /* _TPStartSceneOverray.swift */,
				B61E94032300E390008CB325 /* _TPStartScenePlayButton.swift */,
				B61E94042300E390008CB325 /* _TPStartSceneRing.swift */,
			);
			path = Components;
			sourceTree = "<group>";
		};
		B61E94052300E390008CB325 /* Particle */ = {
			isa = PBXGroup;
			children = (
				B61E94062300E390008CB325 /* TPStartSceneBackgroundParticle.sks */,
				B61E94072300E390008CB325 /* Assets.xcassets */,
			);
			path = Particle;
			sourceTree = "<group>";
		};
		B61E94132300E394008CB325 /* SandBox */ = {
			isa = PBXGroup;
			children = (
				B61E94142300E394008CB325 /* TPSandBoxScene.swift */,
				B6931447230E992000C1B4D7 /* TPSandBoxSceneUIModel.swift */,
				B67A965B23094AEF00BD408D /* TPSandboxSceneController.swift */,
				B67A966223094E6300BD408D /* TPSandboxSceneModel.swift */,
				B6AA02A5230D6E5A00F0FF48 /* Component */,
				B67A965D23094E4000BD408D /* Helper */,
			);
			path = SandBox;
			sourceTree = "<group>";
		};
		B62279BE2301AB2D009EF60F /* SandBox */ = {
			isa = PBXGroup;
			children = (
				B6227A0B2301AB83009EF60F /* DataClass */,
				B6227A262301AB84009EF60F /* Extensions */,
			);
			path = SandBox;
			sourceTree = "<group>";
		};
		B6227A0B2301AB83009EF60F /* DataClass */ = {
			isa = PBXGroup;
			children = (
				B6227A0C2301AB83009EF60F /* Core */,
				B6EDB126230F8C7A0042CA02 /* Data */,
				B6227A102301AB83009EF60F /* Animator */,
				B6227A142301AB83009EF60F /* Item */,
				B6227A1B2301AB83009EF60F /* Level */,
			);
			path = DataClass;
			sourceTree = "<group>";
		};
		B6227A0C2301AB83009EF60F /* Core */ = {
			isa = PBXGroup;
			children = (
				B6227A0E2301AB83009EF60F /* TSVector2.swift */,
				B6227A0D2301AB83009EF60F /* TSVector3.swift */,
				B6227A0F2301AB83009EF60F /* TSPlayer.swift */,
			);
			path = Core;
			sourceTree = "<group>";
		};
		B6227A102301AB83009EF60F /* Animator */ = {
			isa = PBXGroup;
			children = (
				B6227A112301AB83009EF60F /* bokeh.png */,
				B6227A122301AB83009EF60F /* TSBlockAnimator.swift */,
				B6227A132301AB83009EF60F /* TSBlockPlaceAnimation.scnp */,
			);
			path = Animator;
			sourceTree = "<group>";
		};
		B6227A142301AB83009EF60F /* Item */ = {
			isa = PBXGroup;
			children = (
				B6227A172301AB83009EF60F /* TSItem.swift */,
				B6227A182301AB83009EF60F /* TSBlock.swift */,
				B6227A152301AB83009EF60F /* TSInventry.swift */,
				B6227A162301AB83009EF60F /* TSBlockItem.swift */,
				B6227A192301AB83009EF60F /* TSItemBarInventory.swift */,
				B6227A1A2301AB83009EF60F /* TSItemStack.swift */,
			);
			path = Item;
			sourceTree = "<group>";
		};
		B6227A1B2301AB83009EF60F /* Level */ = {
			isa = PBXGroup;
			children = (
				B6227A1C2301AB83009EF60F /* TSLevel.swift */,
				B6E8826023121835003F3124 /* TSLevelData.swift */,
				B6227A202301AB83009EF60F /* TSNodeGenerator.swift */,
			);
			path = Level;
			sourceTree = "<group>";
		};
		B6227A262301AB84009EF60F /* Extensions */ = {
			isa = PBXGroup;
			children = (
				B6227A272301AB84009EF60F /* Ex+TSVector3.swift */,
				B6227A282301AB84009EF60F /* Ex+TSVector2.swift */,
			);
			path = Extensions;
			sourceTree = "<group>";
		};
		B6227A4F2301AE8D009EF60F /* SandBox */ = {
			isa = PBXGroup;
			children = (
				B6227A502301AE9B009EF60F /* Impl */,
				B62279BE2301AB2D009EF60F /* SandBox */,
			);
			path = SandBox;
			sourceTree = "<group>";
		};
		B6227A502301AE9B009EF60F /* Impl */ = {
			isa = PBXGroup;
			children = (
				B6227A4B2301AE37009EF60F /* Impl+Block.swift */,
				B6227A70230239DB009EF60F /* Impl+Item.swift */,
				B6227A6023023732009EF60F /* Blocks */,
			);
			path = Impl;
			sourceTree = "<group>";
		};
		B6227A6023023732009EF60F /* Blocks */ = {
			isa = PBXGroup;
			children = (
				B651231323114DFF003129B5 /* TS_Air.swift */,
				B6227A6123023732009EF60F /* TS_JapaneseHouse2.swift */,
				B6227A6223023732009EF60F /* TS_Floar.swift */,
				B614C235230F731F00DA7093 /* TS_Wall1x5.swift */,
			);
			path = Blocks;
			sourceTree = "<group>";
		};
		B6227A662302391A009EF60F /* Object */ = {
			isa = PBXGroup;
			children = (
				B608C497231101120073843E /* wood_wall_1x1.png */,
				B608C495231101060073843E /* TP_wood_wall_1x1.scn */,
				B654AB80230F6AA300819C55 /* TP_wood_wall_1x5.png */,
				B6F75ECE23100DD300BD02DA /* TP_wood_wall_1x5.scn */,
				B6A8D670230ED73B005B26A5 /* TP_Ground_edge.png */,
				B6A8D66E230ED717005B26A5 /* TP_Ground_edge.scn */,
				B6A8D66C230ED50B005B26A5 /* TP_ground_5x5.png */,
				B6A8D66A230ED4F7005B26A5 /* TP_ground_5x5.scn */,
				B6A8D668230ECC66005B26A5 /* TP_floar_5x5.png */,
				B6A8D666230ECC5C005B26A5 /* TP_floar_5x5.scn */,
				B6227A692302391A009EF60F /* TP_japanese_house_1.scn */,
				B6227A6A2302391A009EF60F /* TP_japanese_house_2.scn */,
			);
			path = Object;
			sourceTree = "<group>";
		};
		B6227A6F23023983009EF60F /* Scenes */ = {
			isa = PBXGroup;
			children = (
				B61E93FA2300E390008CB325 /* StartScene */,
				B61E94132300E394008CB325 /* SandBox */,
			);
			path = Scenes;
			sourceTree = "<group>";
		};
		B667BA4F230B776C0038B098 /* RecognitionKit */ = {
			isa = PBXGroup;
			children = (
				B6AA02A4230D66EB00F0FF48 /* README.md */,
				B6A89CB7230B8040007F5416 /* RKVideoCapture.swift */,
				B667BA58230B776C0038B098 /* RKObjectDetector.swift */,
				B667BA50230B776C0038B098 /* RKRectAdjuster.swift */,
				B667BA51230B776C0038B098 /* RKImageResizer.swift */,
				B667BA52230B776C0038B098 /* RKObjectNameMapper.swift */,
				B667BA53230B776C0038B098 /* YOLO */,
			);
			path = RecognitionKit;
			sourceTree = "<group>";
		};
		B667BA53230B776C0038B098 /* YOLO */ = {
			isa = PBXGroup;
			children = (
				B667BA57230B776C0038B098 /* YOLO.swift */,
				B667BA54230B776C0038B098 /* YOLO+Helpers.swift */,
				B667BA55230B776C0038B098 /* Ex+CVPixelBuffer.swift */,
			);
			path = YOLO;
			sourceTree = "<group>";
		};
		B67A965D23094E4000BD408D /* Helper */ = {
			isa = PBXGroup;
			children = (
				B6C5085223115E3F005D5916 /* TPBlockEditHelper.swift */,
				B62521A0231166AA00D0ADD6 /* TPBlockMoveHelper.swift */,
				B67A965E23094E4000BD408D /* TPBlockPlaceHelper.swift */,
				B67A965F23094E4000BD408D /* TPCameraGestureHelper.swift */,
			);
			path = Helper;
			sourceTree = "<group>";
		};
		B698F168230FC85C00CAE917 /* PielotopicaTests */ = {
			isa = PBXGroup;
			children = (
				B698F169230FC85C00CAE917 /* PielotopicaTests.swift */,
				B698F16B230FC85C00CAE917 /* Info.plist */,
			);
			path = PielotopicaTests;
			sourceTree = "<group>";
		};
		B6AA02A5230D6E5A00F0FF48 /* Component */ = {
			isa = PBXGroup;
			children = (
				B6AA02A6230D6E6E00F0FF48 /* TPMainMenuItem.swift */,
				B6AA02A8230D6ED400F0FF48 /* TPMainMenu.swift */,
				B6AA02AC230D7EBE00F0FF48 /* TPHeader.swift */,
				B6AA02AF230D834000F0FF48 /* TPHeaderSlider.swift */,
				B6931445230E8EFB00C1B4D7 /* TPBuildItemBarItem.swift */,
				B6690596230E245E008AE24F /* TPBuildItemBar.swift */,
				B6690598230E2861008AE24F /* TPDropButton.swift */,
				B69CE2F4230E2A5E00CE04E6 /* TPFlatButton.swift */,
				B6EDB122230F81350042CA02 /* TPBuildSideMenuItem.swift */,
				B6EDB120230F812D0042CA02 /* TPBuildSideMenu.swift */,
			);
			path = Component;
			sourceTree = "<group>";
		};
		B6AA02AE230D803F00F0FF48 /* View */ = {
			isa = PBXGroup;
			children = (
				B6A89CB6230B803F007F5416 /* BoundingBox.swift */,
				B61E93BA2300E361008CB325 /* GameViewController.swift */,
				B66D41CA230BD218004BBE8E /* RouterViewController.swift */,
				B6A89CB8230B8040007F5416 /* CaptureViewController.swift */,
			);
			path = View;
			sourceTree = "<group>";
		};
		B6AA02B1230E119A00F0FF48 /* Node */ = {
			isa = PBXGroup;
			children = (
				B61E93F32300E38A008CB325 /* GKButtonNode.swift */,
				B6AA02B2230E11B600F0FF48 /* GKSpriteNode.swift */,
				B6AA02B4230E125100F0FF48 /* GKShadowLabelNode.swift */,
			);
			path = Node;
			sourceTree = "<group>";
		};
		B6EDB11B230F78A40042CA02 /* Sound */ = {
			isa = PBXGroup;
			children = (
				B65CDA2D2310173C00FD6375 /* TP_build_place.mp3 */,
				B6EDB11C230F78AE0042CA02 /* button_light.mp3 */,
			);
			path = Sound;
			sourceTree = "<group>";
		};
		B6EDB126230F8C7A0042CA02 /* Data */ = {
			isa = PBXGroup;
			children = (
				B6EDB124230F8B200042CA02 /* TSBlockData.swift */,
				B6EDB127230F8C980042CA02 /* TSBlockRotation.swift */,
			);
			path = Data;
			sourceTree = "<group>";
		};
		C5EEAD015C040741A850ECDC /* Frameworks */ = {
			isa = PBXGroup;
			children = (
				82F1EF92ABB8E7B55377BAFB /* Pods_Pielotopica.framework */,
			);
			name = Frameworks;
			sourceTree = "<group>";
		};
/* End PBXGroup section */

/* Begin PBXNativeTarget section */
		B61E939E23005E28008CB325 /* Pielotopica */ = {
			isa = PBXNativeTarget;
			buildConfigurationList = B61E93B323005E2C008CB325 /* Build configuration list for PBXNativeTarget "Pielotopica" */;
			buildPhases = (
				3F11EF6189C58675A84562A4 /* [CP] Check Pods Manifest.lock */,
				B61E939B23005E28008CB325 /* Sources */,
				B61E939C23005E28008CB325 /* Frameworks */,
				B61E939D23005E28008CB325 /* Resources */,
				1427FE48C02B955BB32E6A74 /* [CP] Embed Pods Frameworks */,
			);
			buildRules = (
			);
			dependencies = (
			);
			name = Pielotopica;
			productName = Pielotopica;
			productReference = B61E939F23005E28008CB325 /* Pielotopica.app */;
			productType = "com.apple.product-type.application";
		};
		B698F166230FC85C00CAE917 /* PielotopicaTests */ = {
			isa = PBXNativeTarget;
			buildConfigurationList = B698F16E230FC85C00CAE917 /* Build configuration list for PBXNativeTarget "PielotopicaTests" */;
			buildPhases = (
				B698F163230FC85C00CAE917 /* Sources */,
				B698F164230FC85C00CAE917 /* Frameworks */,
				B698F165230FC85C00CAE917 /* Resources */,
			);
			buildRules = (
			);
			dependencies = (
				B698F16D230FC85C00CAE917 /* PBXTargetDependency */,
			);
			name = PielotopicaTests;
			productName = PielotopicaTests;
			productReference = B698F167230FC85C00CAE917 /* PielotopicaTests.xctest */;
			productType = "com.apple.product-type.bundle.unit-test";
		};
/* End PBXNativeTarget section */

/* Begin PBXProject section */
		B61E939723005E28008CB325 /* Project object */ = {
			isa = PBXProject;
			attributes = {
				LastSwiftUpdateCheck = 1100;
				LastUpgradeCheck = 1100;
				ORGANIZATIONNAME = yuki;
				TargetAttributes = {
					B61E939E23005E28008CB325 = {
						CreatedOnToolsVersion = 11.0;
						LastSwiftMigration = 1100;
					};
					B698F166230FC85C00CAE917 = {
						CreatedOnToolsVersion = 11.0;
						TestTargetID = B61E939E23005E28008CB325;
					};
				};
			};
			buildConfigurationList = B61E939A23005E28008CB325 /* Build configuration list for PBXProject "Pielotopica" */;
			compatibilityVersion = "Xcode 9.3";
			developmentRegion = en;
			hasScannedForEncodings = 0;
			knownRegions = (
				en,
				Base,
			);
			mainGroup = B61E939623005E28008CB325;
			productRefGroup = B61E93A023005E28008CB325 /* Products */;
			projectDirPath = "";
			projectRoot = "";
			targets = (
				B61E939E23005E28008CB325 /* Pielotopica */,
				B698F166230FC85C00CAE917 /* PielotopicaTests */,
			);
		};
/* End PBXProject section */

/* Begin PBXResourcesBuildPhase section */
		B61E939D23005E28008CB325 /* Resources */ = {
			isa = PBXResourcesBuildPhase;
			buildActionMask = 2147483647;
			files = (
				B608C496231101060073843E /* TP_wood_wall_1x1.scn in Resources */,
				B61E93EA2300E376008CB325 /* Korneuburg-Slab-Regular.ttf in Resources */,
				B61E94112300E390008CB325 /* TPStartSceneBackgroundParticle.sks in Resources */,
				B6A8D669230ECC67005B26A5 /* TP_floar_5x5.png in Resources */,
				B6EDB11D230F78AE0042CA02 /* button_light.mp3 in Resources */,
				B61E93E82300E376008CB325 /* Korneuburg-Slab-Light.ttf in Resources */,
				B6227A332301AB84009EF60F /* TSBlockPlaceAnimation.scnp in Resources */,
				B6A8D66D230ED50B005B26A5 /* TP_ground_5x5.png in Resources */,
				B61E93E72300E376008CB325 /* Korneuburg-Slab-Light-Slanted.ttf in Resources */,
				B65CDA2E2310173C00FD6375 /* TP_build_place.mp3 in Resources */,
				B6227A312301AB84009EF60F /* bokeh.png in Resources */,
				B6227A6E2302391A009EF60F /* TP_japanese_house_2.scn in Resources */,
				B608C498231101130073843E /* wood_wall_1x1.png in Resources */,
				B6F75ECF23100DD300BD02DA /* TP_wood_wall_1x5.scn in Resources */,
				B634BB0A230C03B800A896A8 /* recognition_object_item_map.json in Resources */,
				B654AB81230F6AA500819C55 /* TP_wood_wall_1x5.png in Resources */,
				B6A8D66F230ED717005B26A5 /* TP_Ground_edge.scn in Resources */,
				B61E93E52300E376008CB325 /* Silom.ttf in Resources */,
				B61E94122300E390008CB325 /* Assets.xcassets in Resources */,
				B61E93E22300E376008CB325 /* Assets.xcassets in Resources */,
				B61E93E42300E376008CB325 /* Main.storyboard in Resources */,
				B6A8D66B230ED4F7005B26A5 /* TP_ground_5x5.scn in Resources */,
				B61E93EB2300E376008CB325 /* Korneuburg-Slab-Bold.ttf in Resources */,
				B61E93E32300E376008CB325 /* LaunchScreen.storyboard in Resources */,
				B61E93E92300E376008CB325 /* Korneuburg-Slab-Regular-Slanted.ttf in Resources */,
				B6A8D671230ED73B005B26A5 /* TP_Ground_edge.png in Resources */,
				B6227A6D2302391A009EF60F /* TP_japanese_house_1.scn in Resources */,
				B6A8D667230ECC5C005B26A5 /* TP_floar_5x5.scn in Resources */,
				B61E93E62300E376008CB325 /* Korneuburg-Slab-Bold_Slanted.ttf in Resources */,
			);
			runOnlyForDeploymentPostprocessing = 0;
		};
		B698F165230FC85C00CAE917 /* Resources */ = {
			isa = PBXResourcesBuildPhase;
			buildActionMask = 2147483647;
			files = (
			);
			runOnlyForDeploymentPostprocessing = 0;
		};
/* End PBXResourcesBuildPhase section */

/* Begin PBXShellScriptBuildPhase section */
		1427FE48C02B955BB32E6A74 /* [CP] Embed Pods Frameworks */ = {
			isa = PBXShellScriptBuildPhase;
			buildActionMask = 2147483647;
			files = (
			);
			inputFileListPaths = (
				"${PODS_ROOT}/Target Support Files/Pods-Pielotopica/Pods-Pielotopica-frameworks-${CONFIGURATION}-input-files.xcfilelist",
			);
			name = "[CP] Embed Pods Frameworks";
			outputFileListPaths = (
				"${PODS_ROOT}/Target Support Files/Pods-Pielotopica/Pods-Pielotopica-frameworks-${CONFIGURATION}-output-files.xcfilelist",
			);
			runOnlyForDeploymentPostprocessing = 0;
			shellPath = /bin/sh;
			shellScript = "\"${PODS_ROOT}/Target Support Files/Pods-Pielotopica/Pods-Pielotopica-frameworks.sh\"\n";
			showEnvVarsInLog = 0;
		};
		3F11EF6189C58675A84562A4 /* [CP] Check Pods Manifest.lock */ = {
			isa = PBXShellScriptBuildPhase;
			buildActionMask = 2147483647;
			files = (
			);
			inputFileListPaths = (
			);
			inputPaths = (
				"${PODS_PODFILE_DIR_PATH}/Podfile.lock",
				"${PODS_ROOT}/Manifest.lock",
			);
			name = "[CP] Check Pods Manifest.lock";
			outputFileListPaths = (
			);
			outputPaths = (
				"$(DERIVED_FILE_DIR)/Pods-Pielotopica-checkManifestLockResult.txt",
			);
			runOnlyForDeploymentPostprocessing = 0;
			shellPath = /bin/sh;
			shellScript = "diff \"${PODS_PODFILE_DIR_PATH}/Podfile.lock\" \"${PODS_ROOT}/Manifest.lock\" > /dev/null\nif [ $? != 0 ] ; then\n    # print error to STDERR\n    echo \"error: The sandbox is not in sync with the Podfile.lock. Run 'pod install' or update your CocoaPods installation.\" >&2\n    exit 1\nfi\n# This output is used by Xcode 'outputs' to avoid re-running this script phase.\necho \"SUCCESS\" > \"${SCRIPT_OUTPUT_FILE_0}\"\n";
			showEnvVarsInLog = 0;
		};
/* End PBXShellScriptBuildPhase section */

/* Begin PBXSourcesBuildPhase section */
		B61E939B23005E28008CB325 /* Sources */ = {
			isa = PBXSourcesBuildPhase;
			buildActionMask = 2147483647;
			files = (
				B651231423114DFF003129B5 /* TS_Air.swift in Sources */,
				B6EDB125230F8B200042CA02 /* TSBlockData.swift in Sources */,
				B67A965C23094AEF00BD408D /* TPSandboxSceneController.swift in Sources */,
				B6227A3A2301AB84009EF60F /* TSLevel.swift in Sources */,
				B61E93F72300E38A008CB325 /* Ex+SKAction.swift in Sources */,
				B61E93F52300E38A008CB325 /* GKGameViewController.swift in Sources */,
				B67A966323094E6300BD408D /* TPSandboxSceneModel.swift in Sources */,
				B61E93BD2300E368008CB325 /* AppDelegate.swift in Sources */,
				B6F44DCD230A3734004281E0 /* Ex+SKNode.swift in Sources */,
				B6227A5F2301B13C009EF60F /* Ex+SCNAction.swift in Sources */,
				B6227A5C2301B13C009EF60F /* Ex+SCNVector3.swift in Sources */,
				B61E93F42300E38A008CB325 /* GKSceneHolder.swift in Sources */,
				B6227A5E2301B13C009EF60F /* Ex+SCNMatrix4.swift in Sources */,
				B6227A3D2301AB84009EF60F /* TSNodeGenerator.swift in Sources */,
				B6A89CBA230B8040007F5416 /* RKVideoCapture.swift in Sources */,
				B61E940D2300E390008CB325 /* _TPStartScenePatterns.swift in Sources */,
				B61E94102300E390008CB325 /* _TPStartSceneRing.swift in Sources */,
				B6C5085323115E3F005D5916 /* TPBlockEditHelper.swift in Sources */,
				B66D41CB230BD218004BBE8E /* RouterViewController.swift in Sources */,
				B61E93CE2300E36C008CB325 /* Ex+Foundation.swift in Sources */,
				B67A966023094E4000BD408D /* TPBlockPlaceHelper.swift in Sources */,
				B61E940A2300E390008CB325 /* _TPStartSceneLogo.swift in Sources */,
				B6227A392301AB84009EF60F /* TSItemStack.swift in Sources */,
				B6EDB128230F8C980042CA02 /* TSBlockRotation.swift in Sources */,
				B6227A382301AB84009EF60F /* TSItemBarInventory.swift in Sources */,
				B667BA5F230B776C0038B098 /* YOLO.swift in Sources */,
				B6227A2E2301AB84009EF60F /* TSVector3.swift in Sources */,
				B6690599230E2861008AE24F /* TPDropButton.swift in Sources */,
				B6690597230E245E008AE24F /* TPBuildItemBar.swift in Sources */,
				B67A966123094E4000BD408D /* TPCameraGestureHelper.swift in Sources */,
				B6AA02B3230E11B600F0FF48 /* GKSpriteNode.swift in Sources */,
				B6227A342301AB84009EF60F /* TSInventry.swift in Sources */,
				B6A89CBB230B8040007F5416 /* CaptureViewController.swift in Sources */,
				B6EDB11F230F79460042CA02 /* GKSoundPlayer.swift in Sources */,
				B61E940B2300E390008CB325 /* _TPStartSceneEdgeBar.swift in Sources */,
				B6AA02A9230D6ED400F0FF48 /* TPMainMenu.swift in Sources */,
				B6227A2F2301AB84009EF60F /* TSVector2.swift in Sources */,
				B61E93BB2300E361008CB325 /* GameViewController.swift in Sources */,
				B6030EEE2301A518005C4312 /* Ex+BehaviorRelay.swift in Sources */,
				B6227A302301AB84009EF60F /* TSPlayer.swift in Sources */,
				B6227A6323023732009EF60F /* TS_JapaneseHouse2.swift in Sources */,
				B69CE2F5230E2A5E00CE04E6 /* TPFlatButton.swift in Sources */,
				B61E94082300E390008CB325 /* TPStartScene.swift in Sources */,
				B61E940E2300E390008CB325 /* _TPStartSceneOverray.swift in Sources */,
				B6227A71230239DB009EF60F /* Impl+Item.swift in Sources */,
				B6AA02AB230D78B800F0FF48 /* RMTimeStamp.swift in Sources */,
				B61E93F82300E38A008CB325 /* GKSafeScene.swift in Sources */,
				B6A89CB9230B8040007F5416 /* BoundingBox.swift in Sources */,
				B61E93CB2300E36C008CB325 /* RMBindCenter.swift in Sources */,
				B6227A372301AB84009EF60F /* TSBlock.swift in Sources */,
				B6931448230E992000C1B4D7 /* TPSandBoxSceneUIModel.swift in Sources */,
				B667BA59230B776C0038B098 /* RKRectAdjuster.swift in Sources */,
				B61E94172300E395008CB325 /* TPSandBoxScene.swift in Sources */,
				B61E941A2300FEFA008CB325 /* GK3DSceneController.swift in Sources */,
				B61E940C2300E390008CB325 /* _TPStartSceneActionIndicator.swift in Sources */,
				B61E93D32300E36C008CB325 /* RMTapicEngine.swift in Sources */,
				B6227A322301AB84009EF60F /* TSBlockAnimator.swift in Sources */,
				B61E94092300E390008CB325 /* _TPStartSceneTabItem.swift in Sources */,
				B6227A362301AB84009EF60F /* TSItem.swift in Sources */,
				B69CE2F7230E6CE600CE04E6 /* Ex+UIStoryboard.swift in Sources */,
				B62279BD2301A7A7009EF60F /* TPDebug.swift in Sources */,
				B6E8826123121835003F3124 /* TSLevelData.swift in Sources */,
				B6AA02AD230D7EBE00F0FF48 /* TPHeader.swift in Sources */,
				B61E93CA2300E36C008CB325 /* RMStorage.swift in Sources */,
				B61E93B72300E356008CB325 /* TPCommon.swift in Sources */,
				B61E93F62300E38A008CB325 /* GKActionTimingMode.swift in Sources */,
				B667BA5C230B776C0038B098 /* YOLO+Helpers.swift in Sources */,
				B61E93B92300E35E008CB325 /* TPStartBackgroundScene.swift in Sources */,
				B61E93CD2300E36C008CB325 /* Ex+Swift.swift in Sources */,
				B6227A422301AB84009EF60F /* Ex+TSVector3.swift in Sources */,
				B61E93D12300E36C008CB325 /* Ex+UIColor.swift in Sources */,
				B614C236230F731F00DA7093 /* TS_Wall1x5.swift in Sources */,
				B6AA02A7230D6E6E00F0FF48 /* TPMainMenuItem.swift in Sources */,
				B6227A4E2301AE37009EF60F /* Impl+Block.swift in Sources */,
				B6227A6423023732009EF60F /* TS_Floar.swift in Sources */,
				B61E93D02300E36C008CB325 /* Ex+UIKit.swift in Sources */,
				B61E93CF2300E36C008CB325 /* Ex+SKScene.swift in Sources */,
				B6AA02B5230E125100F0FF48 /* GKShadowLabelNode.swift in Sources */,
				B6931446230E8EFB00C1B4D7 /* TPBuildItemBarItem.swift in Sources */,
				B61E93F92300E38A008CB325 /* GKButtonNode.swift in Sources */,
				B667BA5D230B776C0038B098 /* Ex+CVPixelBuffer.swift in Sources */,
				B62521A1231166AA00D0ADD6 /* TPBlockMoveHelper.swift in Sources */,
				B61E940F2300E390008CB325 /* _TPStartScenePlayButton.swift in Sources */,
				B6227A352301AB84009EF60F /* TSBlockItem.swift in Sources */,
				B6EDB123230F81350042CA02 /* TPBuildSideMenuItem.swift in Sources */,
				B667BA5B230B776C0038B098 /* RKObjectNameMapper.swift in Sources */,
				B667BA5E230B776C0038B098 /* YOLOv3.mlmodel in Sources */,
				B667BA5A230B776C0038B098 /* RKImageResizer.swift in Sources */,
				B667BA60230B776C0038B098 /* RKObjectDetector.swift in Sources */,
				B6227A432301AB84009EF60F /* Ex+TSVector2.swift in Sources */,
				B6227A5D2301B13C009EF60F /* Ex+SCNNode.swift in Sources */,
				B61E93CC2300E36C008CB325 /* Ex+UIImage.swift in Sources */,
				B6AA02B0230D834000F0FF48 /* TPHeaderSlider.swift in Sources */,
				B6EDB121230F812D0042CA02 /* TPBuildSideMenu.swift in Sources */,
				B61E93D22300E36C008CB325 /* Ex+CoreGraphics.swift in Sources */,
			);
			runOnlyForDeploymentPostprocessing = 0;
		};
		B698F163230FC85C00CAE917 /* Sources */ = {
			isa = PBXSourcesBuildPhase;
			buildActionMask = 2147483647;
			files = (
				B698F16A230FC85C00CAE917 /* PielotopicaTests.swift in Sources */,
			);
			runOnlyForDeploymentPostprocessing = 0;
		};
/* End PBXSourcesBuildPhase section */

/* Begin PBXTargetDependency section */
		B698F16D230FC85C00CAE917 /* PBXTargetDependency */ = {
			isa = PBXTargetDependency;
			target = B61E939E23005E28008CB325 /* Pielotopica */;
			targetProxy = B698F16C230FC85C00CAE917 /* PBXContainerItemProxy */;
		};
/* End PBXTargetDependency section */

/* Begin PBXVariantGroup section */
		B61E93D62300E376008CB325 /* LaunchScreen.storyboard */ = {
			isa = PBXVariantGroup;
			children = (
				B61E93D72300E376008CB325 /* Base */,
			);
			name = LaunchScreen.storyboard;
			sourceTree = "<group>";
		};
		B61E93D82300E376008CB325 /* Main.storyboard */ = {
			isa = PBXVariantGroup;
			children = (
				B61E93D92300E376008CB325 /* Base */,
			);
			name = Main.storyboard;
			sourceTree = "<group>";
		};
/* End PBXVariantGroup section */

/* Begin XCBuildConfiguration section */
		B61E93B123005E2C008CB325 /* Debug */ = {
			isa = XCBuildConfiguration;
			buildSettings = {
				ALWAYS_SEARCH_USER_PATHS = NO;
				CLANG_ANALYZER_NONNULL = YES;
				CLANG_ANALYZER_NUMBER_OBJECT_CONVERSION = YES_AGGRESSIVE;
				CLANG_CXX_LANGUAGE_STANDARD = "gnu++14";
				CLANG_CXX_LIBRARY = "libc++";
				CLANG_ENABLE_MODULES = YES;
				CLANG_ENABLE_OBJC_ARC = YES;
				CLANG_ENABLE_OBJC_WEAK = YES;
				CLANG_WARN_BLOCK_CAPTURE_AUTORELEASING = YES;
				CLANG_WARN_BOOL_CONVERSION = YES;
				CLANG_WARN_COMMA = YES;
				CLANG_WARN_CONSTANT_CONVERSION = YES;
				CLANG_WARN_DEPRECATED_OBJC_IMPLEMENTATIONS = YES;
				CLANG_WARN_DIRECT_OBJC_ISA_USAGE = YES_ERROR;
				CLANG_WARN_DOCUMENTATION_COMMENTS = YES;
				CLANG_WARN_EMPTY_BODY = YES;
				CLANG_WARN_ENUM_CONVERSION = YES;
				CLANG_WARN_INFINITE_RECURSION = YES;
				CLANG_WARN_INT_CONVERSION = YES;
				CLANG_WARN_NON_LITERAL_NULL_CONVERSION = YES;
				CLANG_WARN_OBJC_IMPLICIT_RETAIN_SELF = YES;
				CLANG_WARN_OBJC_LITERAL_CONVERSION = YES;
				CLANG_WARN_OBJC_ROOT_CLASS = YES_ERROR;
				CLANG_WARN_RANGE_LOOP_ANALYSIS = YES;
				CLANG_WARN_STRICT_PROTOTYPES = YES;
				CLANG_WARN_SUSPICIOUS_MOVE = YES;
				CLANG_WARN_UNGUARDED_AVAILABILITY = YES_AGGRESSIVE;
				CLANG_WARN_UNREACHABLE_CODE = YES;
				CLANG_WARN__DUPLICATE_METHOD_MATCH = YES;
				COPY_PHASE_STRIP = NO;
				DEBUG_INFORMATION_FORMAT = dwarf;
				ENABLE_STRICT_OBJC_MSGSEND = YES;
				ENABLE_TESTABILITY = YES;
				GCC_C_LANGUAGE_STANDARD = gnu11;
				GCC_DYNAMIC_NO_PIC = NO;
				GCC_NO_COMMON_BLOCKS = YES;
				GCC_OPTIMIZATION_LEVEL = 0;
				GCC_PREPROCESSOR_DEFINITIONS = (
					"DEBUG=1",
					"$(inherited)",
				);
				GCC_WARN_64_TO_32_BIT_CONVERSION = YES;
				GCC_WARN_ABOUT_RETURN_TYPE = YES_ERROR;
				GCC_WARN_UNDECLARED_SELECTOR = YES;
				GCC_WARN_UNINITIALIZED_AUTOS = YES_AGGRESSIVE;
				GCC_WARN_UNUSED_FUNCTION = YES;
				GCC_WARN_UNUSED_VARIABLE = YES;
				IPHONEOS_DEPLOYMENT_TARGET = 13.0;
				MTL_ENABLE_DEBUG_INFO = INCLUDE_SOURCE;
				MTL_FAST_MATH = YES;
				ONLY_ACTIVE_ARCH = YES;
				SDKROOT = iphoneos;
				SWIFT_ACTIVE_COMPILATION_CONDITIONS = DEBUG;
				SWIFT_OPTIMIZATION_LEVEL = "-Onone";
			};
			name = Debug;
		};
		B61E93B223005E2C008CB325 /* Release */ = {
			isa = XCBuildConfiguration;
			buildSettings = {
				ALWAYS_SEARCH_USER_PATHS = NO;
				CLANG_ANALYZER_NONNULL = YES;
				CLANG_ANALYZER_NUMBER_OBJECT_CONVERSION = YES_AGGRESSIVE;
				CLANG_CXX_LANGUAGE_STANDARD = "gnu++14";
				CLANG_CXX_LIBRARY = "libc++";
				CLANG_ENABLE_MODULES = YES;
				CLANG_ENABLE_OBJC_ARC = YES;
				CLANG_ENABLE_OBJC_WEAK = YES;
				CLANG_WARN_BLOCK_CAPTURE_AUTORELEASING = YES;
				CLANG_WARN_BOOL_CONVERSION = YES;
				CLANG_WARN_COMMA = YES;
				CLANG_WARN_CONSTANT_CONVERSION = YES;
				CLANG_WARN_DEPRECATED_OBJC_IMPLEMENTATIONS = YES;
				CLANG_WARN_DIRECT_OBJC_ISA_USAGE = YES_ERROR;
				CLANG_WARN_DOCUMENTATION_COMMENTS = YES;
				CLANG_WARN_EMPTY_BODY = YES;
				CLANG_WARN_ENUM_CONVERSION = YES;
				CLANG_WARN_INFINITE_RECURSION = YES;
				CLANG_WARN_INT_CONVERSION = YES;
				CLANG_WARN_NON_LITERAL_NULL_CONVERSION = YES;
				CLANG_WARN_OBJC_IMPLICIT_RETAIN_SELF = YES;
				CLANG_WARN_OBJC_LITERAL_CONVERSION = YES;
				CLANG_WARN_OBJC_ROOT_CLASS = YES_ERROR;
				CLANG_WARN_RANGE_LOOP_ANALYSIS = YES;
				CLANG_WARN_STRICT_PROTOTYPES = YES;
				CLANG_WARN_SUSPICIOUS_MOVE = YES;
				CLANG_WARN_UNGUARDED_AVAILABILITY = YES_AGGRESSIVE;
				CLANG_WARN_UNREACHABLE_CODE = YES;
				CLANG_WARN__DUPLICATE_METHOD_MATCH = YES;
				COPY_PHASE_STRIP = NO;
				DEBUG_INFORMATION_FORMAT = "dwarf-with-dsym";
				ENABLE_NS_ASSERTIONS = NO;
				ENABLE_STRICT_OBJC_MSGSEND = YES;
				GCC_C_LANGUAGE_STANDARD = gnu11;
				GCC_NO_COMMON_BLOCKS = YES;
				GCC_WARN_64_TO_32_BIT_CONVERSION = YES;
				GCC_WARN_ABOUT_RETURN_TYPE = YES_ERROR;
				GCC_WARN_UNDECLARED_SELECTOR = YES;
				GCC_WARN_UNINITIALIZED_AUTOS = YES_AGGRESSIVE;
				GCC_WARN_UNUSED_FUNCTION = YES;
				GCC_WARN_UNUSED_VARIABLE = YES;
				IPHONEOS_DEPLOYMENT_TARGET = 13.0;
				MTL_ENABLE_DEBUG_INFO = NO;
				MTL_FAST_MATH = YES;
				SDKROOT = iphoneos;
				SWIFT_COMPILATION_MODE = wholemodule;
				SWIFT_OPTIMIZATION_LEVEL = "-O";
				VALIDATE_PRODUCT = YES;
			};
			name = Release;
		};
		B61E93B423005E2C008CB325 /* Debug */ = {
			isa = XCBuildConfiguration;
			baseConfigurationReference = 1C61BDA478C66F0C795B92AE /* Pods-Pielotopica.debug.xcconfig */;
			buildSettings = {
				ASSETCATALOG_COMPILER_APPICON_NAME = AppIcon;
				CLANG_ENABLE_MODULES = YES;
				CODE_SIGN_ENTITLEMENTS = Pielotopica/Pielotopica.entitlements;
				CODE_SIGN_STYLE = Automatic;
				DEVELOPMENT_TEAM = 4NN4TCPLE3;
				ENABLE_PREVIEWS = YES;
				INFOPLIST_FILE = Pielotopica/Info.plist;
				IPHONEOS_DEPLOYMENT_TARGET = 12.0;
				LD_RUNPATH_SEARCH_PATHS = (
					"$(inherited)",
					"@executable_path/Frameworks",
				);
				PRODUCT_BUNDLE_IDENTIFIER = com.pielotopica.Pielotopica;
				PRODUCT_NAME = "$(TARGET_NAME)";
				SUPPORTS_MACCATALYST = NO;
				SWIFT_OPTIMIZATION_LEVEL = "-Onone";
				SWIFT_VERSION = 5.0;
				TARGETED_DEVICE_FAMILY = "1,2";
			};
			name = Debug;
		};
		B61E93B523005E2C008CB325 /* Release */ = {
			isa = XCBuildConfiguration;
			baseConfigurationReference = 05DBDCD7D6EB5B372F8F1C68 /* Pods-Pielotopica.release.xcconfig */;
			buildSettings = {
				ASSETCATALOG_COMPILER_APPICON_NAME = AppIcon;
				CLANG_ENABLE_MODULES = YES;
				CODE_SIGN_ENTITLEMENTS = Pielotopica/Pielotopica.entitlements;
				CODE_SIGN_STYLE = Automatic;
				DEVELOPMENT_TEAM = 4NN4TCPLE3;
				ENABLE_PREVIEWS = YES;
				INFOPLIST_FILE = Pielotopica/Info.plist;
				IPHONEOS_DEPLOYMENT_TARGET = 12.0;
				LD_RUNPATH_SEARCH_PATHS = (
					"$(inherited)",
					"@executable_path/Frameworks",
				);
				PRODUCT_BUNDLE_IDENTIFIER = com.pielotopica.Pielotopica;
				PRODUCT_NAME = "$(TARGET_NAME)";
				SUPPORTS_MACCATALYST = NO;
				SWIFT_VERSION = 5.0;
				TARGETED_DEVICE_FAMILY = "1,2";
			};
			name = Release;
		};
		B698F16F230FC85C00CAE917 /* Debug */ = {
			isa = XCBuildConfiguration;
			buildSettings = {
				BUNDLE_LOADER = "$(TEST_HOST)";
				CODE_SIGN_STYLE = Automatic;
				DEVELOPMENT_TEAM = 4NN4TCPLE3;
				INFOPLIST_FILE = PielotopicaTests/Info.plist;
				IPHONEOS_DEPLOYMENT_TARGET = 12.0;
				LD_RUNPATH_SEARCH_PATHS = (
					"$(inherited)",
					"@executable_path/Frameworks",
					"@loader_path/Frameworks",
				);
				MACOSX_DEPLOYMENT_TARGET = 10.14;
				PRODUCT_BUNDLE_IDENTIFIER = com.pielotopica.PielotopicaTests;
				PRODUCT_NAME = "$(TARGET_NAME)";
				SWIFT_VERSION = 5.0;
				TARGETED_DEVICE_FAMILY = "1,2";
				TEST_HOST = "$(BUILT_PRODUCTS_DIR)/Pielotopica.app/Pielotopica";
			};
			name = Debug;
		};
		B698F170230FC85C00CAE917 /* Release */ = {
			isa = XCBuildConfiguration;
			buildSettings = {
				BUNDLE_LOADER = "$(TEST_HOST)";
				CODE_SIGN_STYLE = Automatic;
				DEVELOPMENT_TEAM = 4NN4TCPLE3;
				INFOPLIST_FILE = PielotopicaTests/Info.plist;
				IPHONEOS_DEPLOYMENT_TARGET = 12.0;
				LD_RUNPATH_SEARCH_PATHS = (
					"$(inherited)",
					"@executable_path/Frameworks",
					"@loader_path/Frameworks",
				);
				MACOSX_DEPLOYMENT_TARGET = 10.14;
				PRODUCT_BUNDLE_IDENTIFIER = com.pielotopica.PielotopicaTests;
				PRODUCT_NAME = "$(TARGET_NAME)";
				SWIFT_VERSION = 5.0;
				TARGETED_DEVICE_FAMILY = "1,2";
				TEST_HOST = "$(BUILT_PRODUCTS_DIR)/Pielotopica.app/Pielotopica";
			};
			name = Release;
		};
/* End XCBuildConfiguration section */

/* Begin XCConfigurationList section */
		B61E939A23005E28008CB325 /* Build configuration list for PBXProject "Pielotopica" */ = {
			isa = XCConfigurationList;
			buildConfigurations = (
				B61E93B123005E2C008CB325 /* Debug */,
				B61E93B223005E2C008CB325 /* Release */,
			);
			defaultConfigurationIsVisible = 0;
			defaultConfigurationName = Release;
		};
		B61E93B323005E2C008CB325 /* Build configuration list for PBXNativeTarget "Pielotopica" */ = {
			isa = XCConfigurationList;
			buildConfigurations = (
				B61E93B423005E2C008CB325 /* Debug */,
				B61E93B523005E2C008CB325 /* Release */,
			);
			defaultConfigurationIsVisible = 0;
			defaultConfigurationName = Release;
		};
		B698F16E230FC85C00CAE917 /* Build configuration list for PBXNativeTarget "PielotopicaTests" */ = {
			isa = XCConfigurationList;
			buildConfigurations = (
				B698F16F230FC85C00CAE917 /* Debug */,
				B698F170230FC85C00CAE917 /* Release */,
			);
			defaultConfigurationIsVisible = 0;
			defaultConfigurationName = Release;
		};
/* End XCConfigurationList section */
	};
	rootObject = B61E939723005E28008CB325 /* Project object */;
}
